
Microsoft Visual Studio Solution File, Format Version 12.00
# Visual Studio 14
VisualStudioVersion = 14.0.25420.1
MinimumVisualStudioVersion = 10.0.40219.1
Project("{8BC9CEB8-8B4A-11D0-8D11-00A0C91BC942}") = "OpenPose", "OpenPose\OpenPose.vcxproj", "{1848F100-6EC5-4F60-9748-062590ADFE5C}"
EndProject
Project("{8BC9CEB8-8B4A-11D0-8D11-00A0C91BC942}") = "OpenPoseDemo", "OpenPoseDemo\OpenPoseDemo.vcxproj", "{DF3983B6-A052-478D-9C59-B353C5F95991}"
	ProjectSection(ProjectDependencies) = postProject
		{1848F100-6EC5-4F60-9748-062590ADFE5C} = {1848F100-6EC5-4F60-9748-062590ADFE5C}
	EndProjectSection
EndProject
Project("{8BC9CEB8-8B4A-11D0-8D11-00A0C91BC942}") = "1_user_asynchronous", "TutorialWrapper\1_user_asynchronous.vcxproj", "{1A72B535-7E9E-4B48-9D54-B90D6FC52616}"
	ProjectSection(ProjectDependencies) = postProject
		{1848F100-6EC5-4F60-9748-062590ADFE5C} = {1848F100-6EC5-4F60-9748-062590ADFE5C}
	EndProjectSection
EndProject
Project("{2150E333-8FDC-42A3-9474-1A3956D46DE8}") = "OpenPose library", "OpenPose library", "{A2660049-67B9-4C4A-9E54-3BB659BCF9C0}"
EndProject
Project("{2150E333-8FDC-42A3-9474-1A3956D46DE8}") = "Examples", "Examples", "{322A32B5-4A4E-40B7-9CAA-62573A12BE5E}"
EndProject
Project("{2150E333-8FDC-42A3-9474-1A3956D46DE8}") = "Tutorial", "Tutorial", "{48ECEE85-ED06-42A5-8068-CBDD92BB6EF4}"
EndProject
Project("{2150E333-8FDC-42A3-9474-1A3956D46DE8}") = "Wrapper", "Wrapper", "{BA0F9599-8099-4A7A-99A3-ACFC7C35639C}"
EndProject
Project("{8BC9CEB8-8B4A-11D0-8D11-00A0C91BC942}") = "2_user_synchronous", "TutorialWrapper\2_user_synchronous.vcxproj", "{A00A4BDB-C7BC-4DFC-85C4-991FAB45B22A}"
	ProjectSection(ProjectDependencies) = postProject
		{1848F100-6EC5-4F60-9748-062590ADFE5C} = {1848F100-6EC5-4F60-9748-062590ADFE5C}
	EndProjectSection
EndProject
Project("{2150E333-8FDC-42A3-9474-1A3956D46DE8}") = "Pose", "Pose", "{40194B19-A61E-4B91-89CD-A858AC5953A6}"
EndProject
Project("{2150E333-8FDC-42A3-9474-1A3956D46DE8}") = "Thread", "Thread", "{8F1B1B9F-0117-48CD-B9F6-06E1930640C3}"
EndProject
Project("{8BC9CEB8-8B4A-11D0-8D11-00A0C91BC942}") = "1_openpose_read_and_display", "TutorialThread\1_openpose_read_and_display.vcxproj", "{D28D2569-F7D3-4049-8B49-AF7150943F1F}"
	ProjectSection(ProjectDependencies) = postProject
		{1848F100-6EC5-4F60-9748-062590ADFE5C} = {1848F100-6EC5-4F60-9748-062590ADFE5C}
	EndProjectSection
EndProject
Project("{8BC9CEB8-8B4A-11D0-8D11-00A0C91BC942}") = "2_user_processing_function", "TutorialThread\2_user_processing_function.vcxproj", "{D27AEA08-2345-457A-B1E2-BFA8E3C77222}"
	ProjectSection(ProjectDependencies) = postProject
		{1848F100-6EC5-4F60-9748-062590ADFE5C} = {1848F100-6EC5-4F60-9748-062590ADFE5C}
	EndProjectSection
EndProject
Project("{8BC9CEB8-8B4A-11D0-8D11-00A0C91BC942}") = "3_user_input_processing_and_output", "TutorialThread\3_user_input_processing_and_output.vcxproj", "{44F26037-115D-41E7-97DE-C754844CC5B0}"
	ProjectSection(ProjectDependencies) = postProject
		{1848F100-6EC5-4F60-9748-062590ADFE5C} = {1848F100-6EC5-4F60-9748-062590ADFE5C}
	EndProjectSection
EndProject
Project("{8BC9CEB8-8B4A-11D0-8D11-00A0C91BC942}") = "4_user_input_processing_output_and_datum", "TutorialThread\4_user_input_processing_output_and_datum.vcxproj", "{4A271F39-C60B-4827-9A64-E0EEDD15D082}"
	ProjectSection(ProjectDependencies) = postProject
		{1848F100-6EC5-4F60-9748-062590ADFE5C} = {1848F100-6EC5-4F60-9748-062590ADFE5C}
	EndProjectSection
EndProject
Project("{8BC9CEB8-8B4A-11D0-8D11-00A0C91BC942}") = "1_extract_from_image", "TutorialPose\1_extract_from_image.vcxproj", "{DA43DA92-141D-4B91-80CE-8A2C5B377683}"
	ProjectSection(ProjectDependencies) = postProject
		{1848F100-6EC5-4F60-9748-062590ADFE5C} = {1848F100-6EC5-4F60-9748-062590ADFE5C}
	EndProjectSection
EndProject
Project("{8BC9CEB8-8B4A-11D0-8D11-00A0C91BC942}") = "2_extract_pose_or_heatmat_from_image", "TutorialPose\2_extract_pose_or_heatmat_from_image.vcxproj", "{D1E5B5FC-A447-4BCC-8024-C6B6B8061A7D}"
	ProjectSection(ProjectDependencies) = postProject
		{1848F100-6EC5-4F60-9748-062590ADFE5C} = {1848F100-6EC5-4F60-9748-062590ADFE5C}
	EndProjectSection
EndProject
Project("{2150E333-8FDC-42A3-9474-1A3956D46DE8}") = "OpenPose 3D Reconstruction", "OpenPose 3D Reconstruction", "{CB5A0F6C-6DD3-4789-9E6F-9B9B51AE4F10}"
EndProject
Project("{8BC9CEB8-8B4A-11D0-8D11-00A0C91BC942}") = "OpenPose3DReconstruction", "OpenPose3DReconstruction\OpenPose3DReconstruction.vcxproj", "{F31BEEF2-37B0-4B0F-85D3-AD427C56AD72}"
	ProjectSection(ProjectDependencies) = postProject
		{1848F100-6EC5-4F60-9748-062590ADFE5C} = {1848F100-6EC5-4F60-9748-062590ADFE5C}
	EndProjectSection
EndProject
Global
	GlobalSection(SolutionConfigurationPlatforms) = preSolution
		Debug|x64 = Debug|x64
		Debug|x86 = Debug|x86
		Release|x64 = Release|x64
		Release|x86 = Release|x86
	EndGlobalSection
	GlobalSection(ProjectConfigurationPlatforms) = postSolution
		{1848F100-6EC5-4F60-9748-062590ADFE5C}.Debug|x64.ActiveCfg = Debug|x64
		{1848F100-6EC5-4F60-9748-062590ADFE5C}.Debug|x64.Build.0 = Debug|x64
		{1848F100-6EC5-4F60-9748-062590ADFE5C}.Debug|x86.ActiveCfg = Debug|x64
		{1848F100-6EC5-4F60-9748-062590ADFE5C}.Release|x64.ActiveCfg = Release|x64
		{1848F100-6EC5-4F60-9748-062590ADFE5C}.Release|x64.Build.0 = Release|x64
		{1848F100-6EC5-4F60-9748-062590ADFE5C}.Release|x86.ActiveCfg = Release|x64
		{DF3983B6-A052-478D-9C59-B353C5F95991}.Debug|x64.ActiveCfg = Debug|x64
		{DF3983B6-A052-478D-9C59-B353C5F95991}.Debug|x64.Build.0 = Debug|x64
		{DF3983B6-A052-478D-9C59-B353C5F95991}.Debug|x86.ActiveCfg = Debug|x64
		{DF3983B6-A052-478D-9C59-B353C5F95991}.Release|x64.ActiveCfg = Release|x64
		{DF3983B6-A052-478D-9C59-B353C5F95991}.Release|x64.Build.0 = Release|x64
		{DF3983B6-A052-478D-9C59-B353C5F95991}.Release|x86.ActiveCfg = Release|x64
		{1A72B535-7E9E-4B48-9D54-B90D6FC52616}.Debug|x64.ActiveCfg = Debug|x64
		{1A72B535-7E9E-4B48-9D54-B90D6FC52616}.Debug|x64.Build.0 = Debug|x64
		{1A72B535-7E9E-4B48-9D54-B90D6FC52616}.Debug|x86.ActiveCfg = Debug|x64
		{1A72B535-7E9E-4B48-9D54-B90D6FC52616}.Release|x64.ActiveCfg = Release|x64
		{1A72B535-7E9E-4B48-9D54-B90D6FC52616}.Release|x64.Build.0 = Release|x64
		{1A72B535-7E9E-4B48-9D54-B90D6FC52616}.Release|x86.ActiveCfg = Release|x64
		{A00A4BDB-C7BC-4DFC-85C4-991FAB45B22A}.Debug|x64.ActiveCfg = Debug|x64
		{A00A4BDB-C7BC-4DFC-85C4-991FAB45B22A}.Debug|x64.Build.0 = Debug|x64
		{A00A4BDB-C7BC-4DFC-85C4-991FAB45B22A}.Debug|x86.ActiveCfg = Debug|x64
		{A00A4BDB-C7BC-4DFC-85C4-991FAB45B22A}.Release|x64.ActiveCfg = Release|x64
		{A00A4BDB-C7BC-4DFC-85C4-991FAB45B22A}.Release|x64.Build.0 = Release|x64
		{A00A4BDB-C7BC-4DFC-85C4-991FAB45B22A}.Release|x86.ActiveCfg = Release|x64
		{D28D2569-F7D3-4049-8B49-AF7150943F1F}.Debug|x64.ActiveCfg = Debug|x64
		{D28D2569-F7D3-4049-8B49-AF7150943F1F}.Debug|x64.Build.0 = Debug|x64
		{D28D2569-F7D3-4049-8B49-AF7150943F1F}.Debug|x86.ActiveCfg = Debug|x64
		{D28D2569-F7D3-4049-8B49-AF7150943F1F}.Release|x64.ActiveCfg = Release|x64
		{D28D2569-F7D3-4049-8B49-AF7150943F1F}.Release|x64.Build.0 = Release|x64
		{D28D2569-F7D3-4049-8B49-AF7150943F1F}.Release|x86.ActiveCfg = Release|x64
		{D27AEA08-2345-457A-B1E2-BFA8E3C77222}.Debug|x64.ActiveCfg = Debug|x64
		{D27AEA08-2345-457A-B1E2-BFA8E3C77222}.Debug|x64.Build.0 = Debug|x64
		{D27AEA08-2345-457A-B1E2-BFA8E3C77222}.Debug|x86.ActiveCfg = Debug|x64
		{D27AEA08-2345-457A-B1E2-BFA8E3C77222}.Release|x64.ActiveCfg = Release|x64
		{D27AEA08-2345-457A-B1E2-BFA8E3C77222}.Release|x64.Build.0 = Release|x64
		{D27AEA08-2345-457A-B1E2-BFA8E3C77222}.Release|x86.ActiveCfg = Release|x64
		{44F26037-115D-41E7-97DE-C754844CC5B0}.Debug|x64.ActiveCfg = Debug|x64
		{44F26037-115D-41E7-97DE-C754844CC5B0}.Debug|x64.Build.0 = Debug|x64
		{44F26037-115D-41E7-97DE-C754844CC5B0}.Debug|x86.ActiveCfg = Debug|x64
		{44F26037-115D-41E7-97DE-C754844CC5B0}.Release|x64.ActiveCfg = Release|x64
		{44F26037-115D-41E7-97DE-C754844CC5B0}.Release|x64.Build.0 = Release|x64
		{44F26037-115D-41E7-97DE-C754844CC5B0}.Release|x86.ActiveCfg = Release|x64
		{4A271F39-C60B-4827-9A64-E0EEDD15D082}.Debug|x64.ActiveCfg = Debug|x64
		{4A271F39-C60B-4827-9A64-E0EEDD15D082}.Debug|x64.Build.0 = Debug|x64
		{4A271F39-C60B-4827-9A64-E0EEDD15D082}.Debug|x86.ActiveCfg = Debug|x64
		{4A271F39-C60B-4827-9A64-E0EEDD15D082}.Release|x64.ActiveCfg = Release|x64
		{4A271F39-C60B-4827-9A64-E0EEDD15D082}.Release|x64.Build.0 = Release|x64
		{4A271F39-C60B-4827-9A64-E0EEDD15D082}.Release|x86.ActiveCfg = Release|x64
		{DA43DA92-141D-4B91-80CE-8A2C5B377683}.Debug|x64.ActiveCfg = Debug|x64
		{DA43DA92-141D-4B91-80CE-8A2C5B377683}.Debug|x64.Build.0 = Debug|x64
		{DA43DA92-141D-4B91-80CE-8A2C5B377683}.Debug|x86.ActiveCfg = Debug|x64
		{DA43DA92-141D-4B91-80CE-8A2C5B377683}.Release|x64.ActiveCfg = Release|x64
		{DA43DA92-141D-4B91-80CE-8A2C5B377683}.Release|x64.Build.0 = Release|x64
		{DA43DA92-141D-4B91-80CE-8A2C5B377683}.Release|x86.ActiveCfg = Release|x64
		{D1E5B5FC-A447-4BCC-8024-C6B6B8061A7D}.Debug|x64.ActiveCfg = Debug|x64
		{D1E5B5FC-A447-4BCC-8024-C6B6B8061A7D}.Debug|x64.Build.0 = Debug|x64
		{D1E5B5FC-A447-4BCC-8024-C6B6B8061A7D}.Debug|x86.ActiveCfg = Debug|x64
		{D1E5B5FC-A447-4BCC-8024-C6B6B8061A7D}.Release|x64.ActiveCfg = Release|x64
		{D1E5B5FC-A447-4BCC-8024-C6B6B8061A7D}.Release|x64.Build.0 = Release|x64
		{D1E5B5FC-A447-4BCC-8024-C6B6B8061A7D}.Release|x86.ActiveCfg = Release|x64
		{F31BEEF2-37B0-4B0F-85D3-AD427C56AD72}.Debug|x64.ActiveCfg = Debug|x64
		{F31BEEF2-37B0-4B0F-85D3-AD427C56AD72}.Debug|x64.Build.0 = Debug|x64
		{F31BEEF2-37B0-4B0F-85D3-AD427C56AD72}.Debug|x86.ActiveCfg = Debug|x64
		{F31BEEF2-37B0-4B0F-85D3-AD427C56AD72}.Release|x64.ActiveCfg = Release|x64
		{F31BEEF2-37B0-4B0F-85D3-AD427C56AD72}.Release|x86.ActiveCfg = Release|x64
	EndGlobalSection
	GlobalSection(SolutionProperties) = preSolution
		HideSolutionNode = FALSE
	EndGlobalSection
	GlobalSection(NestedProjects) = preSolution
		{1848F100-6EC5-4F60-9748-062590ADFE5C} = {A2660049-67B9-4C4A-9E54-3BB659BCF9C0}
		{DF3983B6-A052-478D-9C59-B353C5F95991} = {322A32B5-4A4E-40B7-9CAA-62573A12BE5E}
		{1A72B535-7E9E-4B48-9D54-B90D6FC52616} = {BA0F9599-8099-4A7A-99A3-ACFC7C35639C}
		{48ECEE85-ED06-42A5-8068-CBDD92BB6EF4} = {322A32B5-4A4E-40B7-9CAA-62573A12BE5E}
		{BA0F9599-8099-4A7A-99A3-ACFC7C35639C} = {48ECEE85-ED06-42A5-8068-CBDD92BB6EF4}
		{A00A4BDB-C7BC-4DFC-85C4-991FAB45B22A} = {BA0F9599-8099-4A7A-99A3-ACFC7C35639C}
		{40194B19-A61E-4B91-89CD-A858AC5953A6} = {48ECEE85-ED06-42A5-8068-CBDD92BB6EF4}
		{8F1B1B9F-0117-48CD-B9F6-06E1930640C3} = {48ECEE85-ED06-42A5-8068-CBDD92BB6EF4}
		{D28D2569-F7D3-4049-8B49-AF7150943F1F} = {8F1B1B9F-0117-48CD-B9F6-06E1930640C3}
		{D27AEA08-2345-457A-B1E2-BFA8E3C77222} = {8F1B1B9F-0117-48CD-B9F6-06E1930640C3}
		{44F26037-115D-41E7-97DE-C754844CC5B0} = {8F1B1B9F-0117-48CD-B9F6-06E1930640C3}
		{4A271F39-C60B-4827-9A64-E0EEDD15D082} = {8F1B1B9F-0117-48CD-B9F6-06E1930640C3}
		{DA43DA92-141D-4B91-80CE-8A2C5B377683} = {40194B19-A61E-4B91-89CD-A858AC5953A6}
		{D1E5B5FC-A447-4BCC-8024-C6B6B8061A7D} = {40194B19-A61E-4B91-89CD-A858AC5953A6}
		{CB5A0F6C-6DD3-4789-9E6F-9B9B51AE4F10} = {48ECEE85-ED06-42A5-8068-CBDD92BB6EF4}
		{F31BEEF2-37B0-4B0F-85D3-AD427C56AD72} = {CB5A0F6C-6DD3-4789-9E6F-9B9B51AE4F10}
	EndGlobalSection
EndGlobal
