<?xml version="1.0" encoding="utf-8"?>
<Project ToolsVersion="4.0" xmlns="http://schemas.microsoft.com/developer/msbuild/2003">
  <ItemGroup>
    <Filter Include="Source Files">
      <UniqueIdentifier>{4FC737F1-C7A5-4376-A066-2A32D752A2FF}</UniqueIdentifier>
      <Extensions>cpp;c;cc;cxx;def;odl;idl;hpj;bat;asm;asmx</Extensions>
    </Filter>
    <Filter Include="Header Files">
      <UniqueIdentifier>{93995380-89BD-4b04-88EB-625FBE52EBFB}</UniqueIdentifier>
      <Extensions>h;hh;hpp;hxx;hm;inl;inc;xsd</Extensions>
    </Filter>
    <Filter Include="Source Files\core">
      <UniqueIdentifier>{7de8f05e-741a-41f6-a46b-5a831c0a08fa}</UniqueIdentifier>
    </Filter>
    <Filter Include="Source Files\experimental">
      <UniqueIdentifier>{3de0bd68-72e7-4371-9887-31f13a840ac0}</UniqueIdentifier>
    </Filter>
    <Filter Include="Source Files\filestream">
      <UniqueIdentifier>{9115a604-a304-4827-af34-a8bd10cfb44f}</UniqueIdentifier>
    </Filter>
    <Filter Include="Source Files\gui">
      <UniqueIdentifier>{31e599f6-f67f-4055-9d70-909bd4892baf}</UniqueIdentifier>
    </Filter>
    <Filter Include="Source Files\pose">
      <UniqueIdentifier>{2cc5145d-2e47-4ac4-8964-920f2f6e96c7}</UniqueIdentifier>
    </Filter>
    <Filter Include="Source Files\producer">
      <UniqueIdentifier>{aaaa70bc-b84a-4870-996b-677f93e9a79a}</UniqueIdentifier>
    </Filter>
    <Filter Include="Source Files\thread">
      <UniqueIdentifier>{a2e3dd5c-4bb9-403a-aea7-636eb1271dc7}</UniqueIdentifier>
    </Filter>
    <Filter Include="Source Files\utilities">
      <UniqueIdentifier>{f3af68c7-b0a9-442b-a5cf-f44791093d49}</UniqueIdentifier>
    </Filter>
    <Filter Include="Source Files\wrapper">
      <UniqueIdentifier>{9ea7fd57-5813-47f0-96e5-d7475590579d}</UniqueIdentifier>
    </Filter>
    <Filter Include="Source Files\experimental\face">
      <UniqueIdentifier>{f5d83a38-ab14-4c0e-9ce6-fa4e04ebc4bd}</UniqueIdentifier>
    </Filter>
    <Filter Include="Source Files\experimental\filestream">
      <UniqueIdentifier>{4d7a98a1-e939-4f11-86cd-a8c72a34a662}</UniqueIdentifier>
    </Filter>
    <Filter Include="Source Files\experimental\hand">
      <UniqueIdentifier>{50862e8d-d6e8-4fe3-9d07-0025ec43d514}</UniqueIdentifier>
    </Filter>
    <Filter Include="Header Files\core">
      <UniqueIdentifier>{91940cc2-ef13-4daa-bf65-dbdd8708f10e}</UniqueIdentifier>
    </Filter>
    <Filter Include="Header Files\experimental">
      <UniqueIdentifier>{5ac34103-c7ac-4d23-83e3-3083dfa8412f}</UniqueIdentifier>
    </Filter>
    <Filter Include="Header Files\filestream">
      <UniqueIdentifier>{f5831a83-a9b5-4632-b123-167940837ee2}</UniqueIdentifier>
    </Filter>
    <Filter Include="Header Files\gui">
      <UniqueIdentifier>{8dc19aac-33d3-495c-812a-e3ac7198df29}</UniqueIdentifier>
    </Filter>
    <Filter Include="Header Files\pose">
      <UniqueIdentifier>{c797a6fe-8791-48ef-9544-aa718bafb747}</UniqueIdentifier>
    </Filter>
    <Filter Include="Header Files\producer">
      <UniqueIdentifier>{912f4cc7-f7bf-40b1-8c96-8dec2649d297}</UniqueIdentifier>
    </Filter>
    <Filter Include="Header Files\thread">
      <UniqueIdentifier>{353feb14-f7a8-473e-9325-6490820b039f}</UniqueIdentifier>
    </Filter>
    <Filter Include="Header Files\utilities">
      <UniqueIdentifier>{5eed4f7f-8e35-43c0-9f9d-b3a32358d0d5}</UniqueIdentifier>
    </Filter>
    <Filter Include="Header Files\wrapper">
      <UniqueIdentifier>{9221efd3-4df7-4a5c-b451-5b7f0332cb7b}</UniqueIdentifier>
    </Filter>
    <Filter Include="Header Files\experimental\face">
      <UniqueIdentifier>{ce85024c-fbfa-474e-9a28-8ee196b5a01a}</UniqueIdentifier>
    </Filter>
    <Filter Include="Header Files\experimental\filestream">
      <UniqueIdentifier>{482fab78-40b0-4b00-8488-e961d19522bb}</UniqueIdentifier>
    </Filter>
    <Filter Include="Header Files\experimental\hand">
      <UniqueIdentifier>{1844a0b0-fba7-4e36-bce0-8158fe9d7379}</UniqueIdentifier>
    </Filter>
    <Filter Include="Header Files\experimental\producer">
      <UniqueIdentifier>{c8cf4a4d-0c51-42df-a421-53171676bf6d}</UniqueIdentifier>
    </Filter>
  </ItemGroup>
  <ItemGroup>
    <ClCompile Include="..\..\..\src\openpose\core\array.cpp">
      <Filter>Source Files\core</Filter>
    </ClCompile>
    <ClCompile Include="..\..\..\src\openpose\core\cvMatToOpInput.cpp">
      <Filter>Source Files\core</Filter>
    </ClCompile>
    <ClCompile Include="..\..\..\src\openpose\core\cvMatToOpOutput.cpp">
      <Filter>Source Files\core</Filter>
    </ClCompile>
    <ClCompile Include="..\..\..\src\openpose\core\datum.cpp">
      <Filter>Source Files\core</Filter>
    </ClCompile>
    <ClCompile Include="..\..\..\src\openpose\core\defineTemplatesForCore.cpp">
      <Filter>Source Files\core</Filter>
    </ClCompile>
    <ClCompile Include="..\..\..\src\openpose\core\keyPointScaler.cpp">
      <Filter>Source Files\core</Filter>
    </ClCompile>
    <ClCompile Include="..\..\..\src\openpose\core\netCaffe.cpp">
      <Filter>Source Files\core</Filter>
    </ClCompile>
    <ClCompile Include="..\..\..\src\openpose\core\nmsBase.cpp">
      <Filter>Source Files\core</Filter>
    </ClCompile>
    <ClCompile Include="..\..\..\src\openpose\core\nmsCaffe.cpp">
      <Filter>Source Files\core</Filter>
    </ClCompile>
    <ClCompile Include="..\..\..\src\openpose\core\opOutputToCvMat.cpp">
      <Filter>Source Files\core</Filter>
    </ClCompile>
    <ClCompile Include="..\..\..\src\openpose\core\renderer.cpp">
      <Filter>Source Files\core</Filter>
    </ClCompile>
    <ClCompile Include="..\..\..\src\openpose\core\resizeAndMergeBase.cpp">
      <Filter>Source Files\core</Filter>
    </ClCompile>
    <ClCompile Include="..\..\..\src\openpose\core\resizeAndMergeCaffe.cpp">
      <Filter>Source Files\core</Filter>
    </ClCompile>
    <ClCompile Include="..\..\..\src\openpose\core\scaleKeyPoints.cpp">
      <Filter>Source Files\core</Filter>
    </ClCompile>
    <ClCompile Include="..\..\..\src\openpose\experimental\face\defineTemplatesForFace.cpp">
      <Filter>Source Files\experimental\face</Filter>
    </ClCompile>
    <ClCompile Include="..\..\..\src\openpose\experimental\face\faceExtractor.cpp">
      <Filter>Source Files\experimental\face</Filter>
    </ClCompile>
    <ClCompile Include="..\..\..\src\openpose\experimental\face\faceRenderer.cpp">
      <Filter>Source Files\experimental\face</Filter>
    </ClCompile>
    <ClCompile Include="..\..\..\src\openpose\experimental\filestream\defineTemplatesForFilestreamExp.cpp">
      <Filter>Source Files\experimental\filestream</Filter>
    </ClCompile>
    <ClCompile Include="..\..\..\src\openpose\experimental\hand\defineTemplatesForHand.cpp">
      <Filter>Source Files\experimental\hand</Filter>
    </ClCompile>
    <ClCompile Include="..\..\..\src\openpose\experimental\hand\handExtractor.cpp">
      <Filter>Source Files\experimental\hand</Filter>
    </ClCompile>
    <ClCompile Include="..\..\..\src\openpose\experimental\hand\handRenderer.cpp">
      <Filter>Source Files\experimental\hand</Filter>
    </ClCompile>
    <ClCompile Include="..\..\..\src\openpose\filestream\defineTemplatesForFilestream.cpp">
      <Filter>Source Files\filestream</Filter>
    </ClCompile>
    <ClCompile Include="..\..\..\src\openpose\filestream\fileSaver.cpp">
      <Filter>Source Files\filestream</Filter>
    </ClCompile>
    <ClCompile Include="..\..\..\src\openpose\filestream\fileStream.cpp">
      <Filter>Source Files\filestream</Filter>
    </ClCompile>
    <ClCompile Include="..\..\..\src\openpose\filestream\heatMapSaver.cpp">
      <Filter>Source Files\filestream</Filter>
    </ClCompile>
    <ClCompile Include="..\..\..\src\openpose\filestream\imageSaver.cpp">
      <Filter>Source Files\filestream</Filter>
    </ClCompile>
    <ClCompile Include="..\..\..\src\openpose\filestream\jsonOfstream.cpp">
      <Filter>Source Files\filestream</Filter>
    </ClCompile>
    <ClCompile Include="..\..\..\src\openpose\filestream\poseJsonCocoSaver.cpp">
      <Filter>Source Files\filestream</Filter>
    </ClCompile>
    <ClCompile Include="..\..\..\src\openpose\filestream\poseJsonSaver.cpp">
      <Filter>Source Files\filestream</Filter>
    </ClCompile>
    <ClCompile Include="..\..\..\src\openpose\filestream\poseSaver.cpp">
      <Filter>Source Files\filestream</Filter>
    </ClCompile>
    <ClCompile Include="..\..\..\src\openpose\filestream\videoSaver.cpp">
      <Filter>Source Files\filestream</Filter>
    </ClCompile>
    <ClCompile Include="..\..\..\src\openpose\gui\defineTemplatesforGui.cpp">
      <Filter>Source Files\gui</Filter>
    </ClCompile>
    <ClCompile Include="..\..\..\src\openpose\gui\frameDisplayer.cpp">
      <Filter>Source Files\gui</Filter>
    </ClCompile>
    <ClCompile Include="..\..\..\src\openpose\gui\gui.cpp">
      <Filter>Source Files\gui</Filter>
    </ClCompile>
    <ClCompile Include="..\..\..\src\openpose\gui\guiInfoAdder.cpp">
      <Filter>Source Files\gui</Filter>
    </ClCompile>
    <ClCompile Include="..\..\..\src\openpose\wrapper\defineTemplatesForWrapper.cpp">
      <Filter>Source Files\wrapper</Filter>
    </ClCompile>
    <ClCompile Include="..\..\..\src\openpose\wrapper\wrapperStructFace.cpp">
      <Filter>Source Files\wrapper</Filter>
    </ClCompile>
    <ClCompile Include="..\..\..\src\openpose\wrapper\wrapperStructHand.cpp">
      <Filter>Source Files\wrapper</Filter>
    </ClCompile>
    <ClCompile Include="..\..\..\src\openpose\wrapper\wrapperStructInput.cpp">
      <Filter>Source Files\wrapper</Filter>
    </ClCompile>
    <ClCompile Include="..\..\..\src\openpose\wrapper\wrapperStructOutput.cpp">
      <Filter>Source Files\wrapper</Filter>
    </ClCompile>
    <ClCompile Include="..\..\..\src\openpose\wrapper\wrapperStructPose.cpp">
      <Filter>Source Files\wrapper</Filter>
    </ClCompile>
    <ClCompile Include="..\..\..\src\openpose\utilities\cuda.cpp">
      <Filter>Source Files\utilities</Filter>
    </ClCompile>
    <ClCompile Include="..\..\..\src\openpose\utilities\errorAndLog.cpp">
      <Filter>Source Files\utilities</Filter>
    </ClCompile>
    <ClCompile Include="..\..\..\src\openpose\utilities\fileSystem.cpp">
      <Filter>Source Files\utilities</Filter>
    </ClCompile>
    <ClCompile Include="..\..\..\src\openpose\utilities\openCv.cpp">
      <Filter>Source Files\utilities</Filter>
    </ClCompile>
    <ClCompile Include="..\..\..\src\openpose\utilities\profiler.cpp">
      <Filter>Source Files\utilities</Filter>
    </ClCompile>
    <ClCompile Include="..\..\..\src\openpose\utilities\string.cpp">
      <Filter>Source Files\utilities</Filter>
    </ClCompile>
    <ClCompile Include="..\..\..\src\openpose\thread\defineTemplatesForThread.cpp">
      <Filter>Source Files\thread</Filter>
    </ClCompile>
    <ClCompile Include="..\..\..\src\openpose\producer\defineTemplatesForProducer.cpp">
      <Filter>Source Files\producer</Filter>
    </ClCompile>
    <ClCompile Include="..\..\..\src\openpose\producer\imageDirectoryReader.cpp">
      <Filter>Source Files\producer</Filter>
    </ClCompile>
    <ClCompile Include="..\..\..\src\openpose\producer\producer.cpp">
      <Filter>Source Files\producer</Filter>
    </ClCompile>
    <ClCompile Include="..\..\..\src\openpose\producer\videoCaptureReader.cpp">
      <Filter>Source Files\producer</Filter>
    </ClCompile>
    <ClCompile Include="..\..\..\src\openpose\producer\videoReader.cpp">
      <Filter>Source Files\producer</Filter>
    </ClCompile>
    <ClCompile Include="..\..\..\src\openpose\producer\webcamReader.cpp">
      <Filter>Source Files\producer</Filter>
    </ClCompile>
    <ClCompile Include="..\..\..\src\openpose\pose\bodyPartConnectorBase.cpp">
      <Filter>Source Files\pose</Filter>
    </ClCompile>
    <ClCompile Include="..\..\..\src\openpose\pose\bodyPartConnectorCaffe.cpp">
      <Filter>Source Files\pose</Filter>
    </ClCompile>
    <ClCompile Include="..\..\..\src\openpose\pose\defineTemplatesForPose.cpp">
      <Filter>Source Files\pose</Filter>
    </ClCompile>
    <ClCompile Include="..\..\..\src\openpose\pose\poseExtractor.cpp">
      <Filter>Source Files\pose</Filter>
    </ClCompile>
    <ClCompile Include="..\..\..\src\openpose\pose\poseExtractorCaffe.cpp">
      <Filter>Source Files\pose</Filter>
    </ClCompile>
    <ClCompile Include="..\..\..\src\openpose\pose\poseParameters.cpp">
      <Filter>Source Files\pose</Filter>
    </ClCompile>
    <ClCompile Include="..\..\..\src\openpose\pose\poseRenderer.cpp">
      <Filter>Source Files\pose</Filter>
    </ClCompile>
  </ItemGroup>
  <ItemGroup>
    <CudaCompile Include="..\..\..\src\openpose\core\nmsBase.cu">
      <Filter>Source Files\core</Filter>
    </CudaCompile>
    <CudaCompile Include="..\..\..\src\openpose\core\resizeAndMergeBase.cu">
      <Filter>Source Files\core</Filter>
    </CudaCompile>
    <CudaCompile Include="..\..\..\src\openpose\experimental\face\faceRenderGpu.cu">
      <Filter>Source Files\experimental\face</Filter>
    </CudaCompile>
    <CudaCompile Include="..\..\..\src\openpose\experimental\hand\handRenderGpu.cu">
      <Filter>Source Files\experimental\hand</Filter>
    </CudaCompile>
    <CudaCompile Include="..\..\..\src\openpose\pose\bodyPartConnectorBase.cu">
      <Filter>Source Files\pose</Filter>
    </CudaCompile>
    <CudaCompile Include="..\..\..\src\openpose\pose\poseRenderGpu.cu">
      <Filter>Source Files\pose</Filter>
    </CudaCompile>
  </ItemGroup>
  <ItemGroup>
    <ClInclude Include="..\..\..\include\openpose\core\array.hpp">
      <Filter>Header Files\core</Filter>
    </ClInclude>
    <ClInclude Include="..\..\..\include\openpose\core\coreHeaders.hpp">
      <Filter>Header Files\core</Filter>
    </ClInclude>
    <ClInclude Include="..\..\..\include\openpose\core\cvMatToOpInput.hpp">
      <Filter>Header Files\core</Filter>
    </ClInclude>
    <ClInclude Include="..\..\..\include\openpose\core\cvMatToOpOutput.hpp">
      <Filter>Header Files\core</Filter>
    </ClInclude>
    <ClInclude Include="..\..\..\include\openpose\core\datum.hpp">
      <Filter>Header Files\core</Filter>
    </ClInclude>
    <ClInclude Include="..\..\..\include\openpose\core\enumClasses.hpp">
      <Filter>Header Files\core</Filter>
    </ClInclude>
    <ClInclude Include="..\..\..\include\openpose\core\keyPointScaler.hpp">
      <Filter>Header Files\core</Filter>
    </ClInclude>
    <ClInclude Include="..\..\..\include\openpose\core\net.hpp">
      <Filter>Header Files\core</Filter>
    </ClInclude>
    <ClInclude Include="..\..\..\include\openpose\core\netCaffe.hpp">
      <Filter>Header Files\core</Filter>
    </ClInclude>
    <ClInclude Include="..\..\..\include\openpose\core\nmsBase.hpp">
      <Filter>Header Files\core</Filter>
    </ClInclude>
    <ClInclude Include="..\..\..\include\openpose\core\nmsCaffe.hpp">
      <Filter>Header Files\core</Filter>
    </ClInclude>
    <ClInclude Include="..\..\..\include\openpose\core\opOutputToCvMat.hpp">
      <Filter>Header Files\core</Filter>
    </ClInclude>
    <ClInclude Include="..\..\..\include\openpose\core\renderer.hpp">
      <Filter>Header Files\core</Filter>
    </ClInclude>
    <ClInclude Include="..\..\..\include\openpose\core\resizeAndMergeBase.hpp">
      <Filter>Header Files\core</Filter>
    </ClInclude>
    <ClInclude Include="..\..\..\include\openpose\core\resizeAndMergeCaffe.hpp">
      <Filter>Header Files\core</Filter>
    </ClInclude>
    <ClInclude Include="..\..\..\include\openpose\core\scaleKeyPoints.hpp">
      <Filter>Header Files\core</Filter>
    </ClInclude>
    <ClInclude Include="..\..\..\include\openpose\core\wCvMatToOpInput.hpp">
      <Filter>Header Files\core</Filter>
    </ClInclude>
    <ClInclude Include="..\..\..\include\openpose\core\wCvMatToOpOutput.hpp">
      <Filter>Header Files\core</Filter>
    </ClInclude>
    <ClInclude Include="..\..\..\include\openpose\core\wKeyPointScaler.hpp">
      <Filter>Header Files\core</Filter>
    </ClInclude>
    <ClInclude Include="..\..\..\include\openpose\core\wOpOutputToCvMat.hpp">
      <Filter>Header Files\core</Filter>
    </ClInclude>
    <ClInclude Include="..\..\..\include\openpose\experimental\experimentalHeaders.hpp">
      <Filter>Header Files\experimental</Filter>
    </ClInclude>
    <ClInclude Include="..\..\..\include\openpose\experimental\face\enumClasses.hpp">
      <Filter>Header Files\experimental\face</Filter>
    </ClInclude>
    <ClInclude Include="..\..\..\include\openpose\experimental\face\faceExtractor.hpp">
      <Filter>Header Files\experimental\face</Filter>
    </ClInclude>
    <ClInclude Include="..\..\..\include\openpose\experimental\face\faceHeaders.hpp">
      <Filter>Header Files\experimental\face</Filter>
    </ClInclude>
    <ClInclude Include="..\..\..\include\openpose\experimental\face\faceParameters.hpp">
      <Filter>Header Files\experimental\face</Filter>
    </ClInclude>
    <ClInclude Include="..\..\..\include\openpose\experimental\face\faceRenderer.hpp">
      <Filter>Header Files\experimental\face</Filter>
    </ClInclude>
    <ClInclude Include="..\..\..\include\openpose\experimental\face\faceRenderGpu.hpp">
      <Filter>Header Files\experimental\face</Filter>
    </ClInclude>
    <ClInclude Include="..\..\..\include\openpose\experimental\face\wFaceExtractor.hpp">
      <Filter>Header Files\experimental\face</Filter>
    </ClInclude>
    <ClInclude Include="..\..\..\include\openpose\experimental\face\wFaceRenderer.hpp">
      <Filter>Header Files\experimental\face</Filter>
    </ClInclude>
    <ClInclude Include="..\..\..\include\openpose\experimental\filestream\filestreamExpHeaders.hpp">
      <Filter>Header Files\experimental\filestream</Filter>
    </ClInclude>
    <ClInclude Include="..\..\..\include\openpose\experimental\filestream\wPoseJsonCocoSaver.hpp">
      <Filter>Header Files\experimental\filestream</Filter>
    </ClInclude>
    <ClInclude Include="..\..\..\include\openpose\experimental\hand\enumClasses.hpp">
      <Filter>Header Files\experimental\hand</Filter>
    </ClInclude>
    <ClInclude Include="..\..\..\include\openpose\experimental\hand\handExtractor.hpp">
      <Filter>Header Files\experimental\hand</Filter>
    </ClInclude>
    <ClInclude Include="..\..\..\include\openpose\experimental\hand\handHeaders.hpp">
      <Filter>Header Files\experimental\hand</Filter>
    </ClInclude>
    <ClInclude Include="..\..\..\include\openpose\experimental\hand\handParameters.hpp">
      <Filter>Header Files\experimental\hand</Filter>
    </ClInclude>
    <ClInclude Include="..\..\..\include\openpose\experimental\hand\handRenderer.hpp">
      <Filter>Header Files\experimental\hand</Filter>
    </ClInclude>
    <ClInclude Include="..\..\..\include\openpose\experimental\hand\handRenderGpu.hpp">
      <Filter>Header Files\experimental\hand</Filter>
    </ClInclude>
    <ClInclude Include="..\..\..\include\openpose\experimental\hand\wHandExtractor.hpp">
      <Filter>Header Files\experimental\hand</Filter>
    </ClInclude>
    <ClInclude Include="..\..\..\include\openpose\experimental\hand\wHandRenderer.hpp">
      <Filter>Header Files\experimental\hand</Filter>
    </ClInclude>
    <ClInclude Include="..\..\..\include\openpose\experimental\producer\producerExpHeaders.hpp">
      <Filter>Header Files\experimental\producer</Filter>
    </ClInclude>
    <ClInclude Include="..\..\..\include\openpose\experimental\producer\wPeoplePoseLoader.hpp">
      <Filter>Header Files\experimental\producer</Filter>
    </ClInclude>
    <ClInclude Include="..\..\..\include\openpose\filestream\enumClasses.hpp">
      <Filter>Header Files\filestream</Filter>
    </ClInclude>
    <ClInclude Include="..\..\..\include\openpose\filestream\fileSaver.hpp">
      <Filter>Header Files\filestream</Filter>
    </ClInclude>
    <ClInclude Include="..\..\..\include\openpose\filestream\fileStream.hpp">
      <Filter>Header Files\filestream</Filter>
    </ClInclude>
    <ClInclude Include="..\..\..\include\openpose\filestream\filestreamHeaders.hpp">
      <Filter>Header Files\filestream</Filter>
    </ClInclude>
    <ClInclude Include="..\..\..\include\openpose\filestream\heatMapSaver.hpp">
      <Filter>Header Files\filestream</Filter>
    </ClInclude>
    <ClInclude Include="..\..\..\include\openpose\filestream\imageSaver.hpp">
      <Filter>Header Files\filestream</Filter>
    </ClInclude>
    <ClInclude Include="..\..\..\include\openpose\filestream\jsonOfstream.hpp">
      <Filter>Header Files\filestream</Filter>
    </ClInclude>
    <ClInclude Include="..\..\..\include\openpose\filestream\poseJsonCocoSaver.hpp">
      <Filter>Header Files\filestream</Filter>
    </ClInclude>
    <ClInclude Include="..\..\..\include\openpose\filestream\poseJsonSaver.hpp">
      <Filter>Header Files\filestream</Filter>
    </ClInclude>
    <ClInclude Include="..\..\..\include\openpose\filestream\poseSaver.hpp">
      <Filter>Header Files\filestream</Filter>
    </ClInclude>
    <ClInclude Include="..\..\..\include\openpose\filestream\videoSaver.hpp">
      <Filter>Header Files\filestream</Filter>
    </ClInclude>
    <ClInclude Include="..\..\..\include\openpose\filestream\wHeatMapSaver.hpp">
      <Filter>Header Files\filestream</Filter>
    </ClInclude>
    <ClInclude Include="..\..\..\include\openpose\filestream\wImageSaver.hpp">
      <Filter>Header Files\filestream</Filter>
    </ClInclude>
    <ClInclude Include="..\..\..\include\openpose\filestream\wPoseJsonSaver.hpp">
      <Filter>Header Files\filestream</Filter>
    </ClInclude>
    <ClInclude Include="..\..\..\include\openpose\filestream\wPoseSaver.hpp">
      <Filter>Header Files\filestream</Filter>
    </ClInclude>
    <ClInclude Include="..\..\..\include\openpose\filestream\wVideoSaver.hpp">
      <Filter>Header Files\filestream</Filter>
    </ClInclude>
    <ClInclude Include="..\..\..\include\openpose\gui\enumClasses.hpp">
      <Filter>Header Files\gui</Filter>
    </ClInclude>
    <ClInclude Include="..\..\..\include\openpose\gui\frameDisplayer.hpp">
      <Filter>Header Files\gui</Filter>
    </ClInclude>
    <ClInclude Include="..\..\..\include\openpose\gui\gui.hpp">
      <Filter>Header Files\gui</Filter>
    </ClInclude>
    <ClInclude Include="..\..\..\include\openpose\gui\guiHeaders.hpp">
      <Filter>Header Files\gui</Filter>
    </ClInclude>
    <ClInclude Include="..\..\..\include\openpose\gui\guiInfoAdder.hpp">
      <Filter>Header Files\gui</Filter>
    </ClInclude>
    <ClInclude Include="..\..\..\include\openpose\gui\wGui.hpp">
      <Filter>Header Files\gui</Filter>
    </ClInclude>
    <ClInclude Include="..\..\..\include\openpose\gui\wGuiInfoAdder.hpp">
      <Filter>Header Files\gui</Filter>
    </ClInclude>
    <ClInclude Include="..\..\..\include\openpose\wrapper\wrapper.hpp">
      <Filter>Header Files\wrapper</Filter>
    </ClInclude>
    <ClInclude Include="..\..\..\include\openpose\wrapper\wrapperHeaders.hpp">
      <Filter>Header Files\wrapper</Filter>
    </ClInclude>
    <ClInclude Include="..\..\..\include\openpose\wrapper\wrapperStructFace.hpp">
      <Filter>Header Files\wrapper</Filter>
    </ClInclude>
    <ClInclude Include="..\..\..\include\openpose\wrapper\wrapperStructHand.hpp">
      <Filter>Header Files\wrapper</Filter>
    </ClInclude>
    <ClInclude Include="..\..\..\include\openpose\wrapper\wrapperStructInput.hpp">
      <Filter>Header Files\wrapper</Filter>
    </ClInclude>
    <ClInclude Include="..\..\..\include\openpose\wrapper\wrapperStructOutput.hpp">
      <Filter>Header Files\wrapper</Filter>
    </ClInclude>
    <ClInclude Include="..\..\..\include\openpose\wrapper\wrapperStructPose.hpp">
      <Filter>Header Files\wrapper</Filter>
    </ClInclude>
    <ClInclude Include="..\..\..\include\openpose\utilities\check.hpp">
      <Filter>Header Files\utilities</Filter>
    </ClInclude>
    <ClInclude Include="..\..\..\include\openpose\utilities\cuda.hpp">
      <Filter>Header Files\utilities</Filter>
    </ClInclude>
    <ClInclude Include="..\..\..\include\openpose\utilities\enumClasses.hpp">
      <Filter>Header Files\utilities</Filter>
    </ClInclude>
    <ClInclude Include="..\..\..\include\openpose\utilities\errorAndLog.hpp">
      <Filter>Header Files\utilities</Filter>
    </ClInclude>
    <ClInclude Include="..\..\..\include\openpose\utilities\fastMath.hpp">
      <Filter>Header Files\utilities</Filter>
    </ClInclude>
    <ClInclude Include="..\..\..\include\openpose\utilities\fileSystem.hpp">
      <Filter>Header Files\utilities</Filter>
    </ClInclude>
    <ClInclude Include="..\..\..\include\openpose\utilities\macros.hpp">
      <Filter>Header Files\utilities</Filter>
    </ClInclude>
    <ClInclude Include="..\..\..\include\openpose\utilities\openCv.hpp">
      <Filter>Header Files\utilities</Filter>
    </ClInclude>
    <ClInclude Include="..\..\..\include\openpose\utilities\pointerContainer.hpp">
      <Filter>Header Files\utilities</Filter>
    </ClInclude>
    <ClInclude Include="..\..\..\include\openpose\utilities\profiler.hpp">
      <Filter>Header Files\utilities</Filter>
    </ClInclude>
    <ClInclude Include="..\..\..\include\openpose\utilities\string.hpp">
      <Filter>Header Files\utilities</Filter>
    </ClInclude>
    <ClInclude Include="..\..\..\include\openpose\utilities\utilitiesHeaders.hpp">
      <Filter>Header Files\utilities</Filter>
    </ClInclude>
    <ClInclude Include="..\..\..\include\openpose\thread\enumClasses.hpp">
      <Filter>Header Files\thread</Filter>
    </ClInclude>
    <ClInclude Include="..\..\..\include\openpose\thread\priorityQueue.hpp">
      <Filter>Header Files\thread</Filter>
    </ClInclude>
    <ClInclude Include="..\..\..\include\openpose\thread\queue.hpp">
      <Filter>Header Files\thread</Filter>
    </ClInclude>
    <ClInclude Include="..\..\..\include\openpose\thread\queueBase.hpp">
      <Filter>Header Files\thread</Filter>
    </ClInclude>
    <ClInclude Include="..\..\..\include\openpose\thread\subThread.hpp">
      <Filter>Header Files\thread</Filter>
    </ClInclude>
    <ClInclude Include="..\..\..\include\openpose\thread\subThreadNoQueue.hpp">
      <Filter>Header Files\thread</Filter>
    </ClInclude>
    <ClInclude Include="..\..\..\include\openpose\thread\subThreadQueueIn.hpp">
      <Filter>Header Files\thread</Filter>
    </ClInclude>
    <ClInclude Include="..\..\..\include\openpose\thread\subThreadQueueInOut.hpp">
      <Filter>Header Files\thread</Filter>
    </ClInclude>
    <ClInclude Include="..\..\..\include\openpose\thread\subThreadQueueOut.hpp">
      <Filter>Header Files\thread</Filter>
    </ClInclude>
    <ClInclude Include="..\..\..\include\openpose\thread\thread.hpp">
      <Filter>Header Files\thread</Filter>
    </ClInclude>
    <ClInclude Include="..\..\..\include\openpose\thread\threadHeaders.hpp">
      <Filter>Header Files\thread</Filter>
    </ClInclude>
    <ClInclude Include="..\..\..\include\openpose\thread\threadManager.hpp">
      <Filter>Header Files\thread</Filter>
    </ClInclude>
    <ClInclude Include="..\..\..\include\openpose\thread\wIdGenerator.hpp">
      <Filter>Header Files\thread</Filter>
    </ClInclude>
    <ClInclude Include="..\..\..\include\openpose\thread\worker.hpp">
      <Filter>Header Files\thread</Filter>
    </ClInclude>
    <ClInclude Include="..\..\..\include\openpose\thread\workerConsumer.hpp">
      <Filter>Header Files\thread</Filter>
    </ClInclude>
    <ClInclude Include="..\..\..\include\openpose\thread\workerProducer.hpp">
      <Filter>Header Files\thread</Filter>
    </ClInclude>
    <ClInclude Include="..\..\..\include\openpose\thread\wQueueOrderer.hpp">
      <Filter>Header Files\thread</Filter>
    </ClInclude>
    <ClInclude Include="..\..\..\include\openpose\producer\datumProducer.hpp">
      <Filter>Header Files\producer</Filter>
    </ClInclude>
    <ClInclude Include="..\..\..\include\openpose\producer\enumClasses.hpp">
      <Filter>Header Files\producer</Filter>
    </ClInclude>
    <ClInclude Include="..\..\..\include\openpose\producer\imageDirectoryReader.hpp">
      <Filter>Header Files\producer</Filter>
    </ClInclude>
    <ClInclude Include="..\..\..\include\openpose\producer\producer.hpp">
      <Filter>Header Files\producer</Filter>
    </ClInclude>
    <ClInclude Include="..\..\..\include\openpose\producer\producerHeaders.hpp">
      <Filter>Header Files\producer</Filter>
    </ClInclude>
    <ClInclude Include="..\..\..\include\openpose\producer\videoCaptureReader.hpp">
      <Filter>Header Files\producer</Filter>
    </ClInclude>
    <ClInclude Include="..\..\..\include\openpose\producer\videoReader.hpp">
      <Filter>Header Files\producer</Filter>
    </ClInclude>
    <ClInclude Include="..\..\..\include\openpose\producer\wDatumProducer.hpp">
      <Filter>Header Files\producer</Filter>
    </ClInclude>
    <ClInclude Include="..\..\..\include\openpose\producer\webcamReader.hpp">
      <Filter>Header Files\producer</Filter>
    </ClInclude>
    <ClInclude Include="..\..\..\include\openpose\pose\bodyPartConnectorBase.hpp">
      <Filter>Header Files\pose</Filter>
    </ClInclude>
    <ClInclude Include="..\..\..\include\openpose\pose\bodyPartConnectorCaffe.hpp">
      <Filter>Header Files\pose</Filter>
    </ClInclude>
    <ClInclude Include="..\..\..\include\openpose\pose\enumClasses.hpp">
      <Filter>Header Files\pose</Filter>
    </ClInclude>
    <ClInclude Include="..\..\..\include\openpose\pose\poseExtractor.hpp">
      <Filter>Header Files\pose</Filter>
    </ClInclude>
    <ClInclude Include="..\..\..\include\openpose\pose\poseExtractorCaffe.hpp">
      <Filter>Header Files\pose</Filter>
    </ClInclude>
    <ClInclude Include="..\..\..\include\openpose\pose\poseHeaders.hpp">
      <Filter>Header Files\pose</Filter>
    </ClInclude>
    <ClInclude Include="..\..\..\include\openpose\pose\poseParameters.hpp">
      <Filter>Header Files\pose</Filter>
    </ClInclude>
    <ClInclude Include="..\..\..\include\openpose\pose\poseRenderer.hpp">
      <Filter>Header Files\pose</Filter>
    </ClInclude>
    <ClInclude Include="..\..\..\include\openpose\pose\poseRenderGpu.hpp">
      <Filter>Header Files\pose</Filter>
    </ClInclude>
    <ClInclude Include="..\..\..\include\openpose\pose\wPoseExtractor.hpp">
      <Filter>Header Files\pose</Filter>
    </ClInclude>
    <ClInclude Include="..\..\..\include\openpose\pose\wPoseRenderer.hpp">
      <Filter>Header Files\pose</Filter>
    </ClInclude>
    <ClInclude Include="..\..\..\include\openpose\headers.hpp">
      <Filter>Header Files</Filter>
    </ClInclude>
  </ItemGroup>
  <ItemGroup>
    <None Include="..\..\..\include\openpose\utilities\cuda.hu">
      <Filter>Header Files\utilities</Filter>
    </None>
    <None Include="..\..\..\include\openpose\utilities\render.hu">
      <Filter>Header Files\utilities</Filter>
    </None>
  </ItemGroup>
</Project>