
Microsoft Visual Studio Solution File, Format Version 12.00
# Visual Studio 14
VisualStudioVersion = 14.0.24720.0
MinimumVisualStudioVersion = 10.0.40219.1
Project("{8BC9CEB8-8B4A-11D0-8D11-00A0C91BC942}") = "Openpose", "Openpose\Openpose.vcxproj", "{8709C737-472F-4D8E-8927-62E8E46551DF}"
EndProject
Project("{8BC9CEB8-8B4A-11D0-8D11-00A0C91BC942}") = "openposeDemo", "..\openposeDemo\openposeDemo.vcxproj", "{AF868C9A-A78D-41C8-A493-BABED129E6DD}"
	ProjectSection(ProjectDependencies) = postProject
		{8709C737-472F-4D8E-8927-62E8E46551DF} = {8709C737-472F-4D8E-8927-62E8E46551DF}
	EndProjectSection
EndProject
Global
	GlobalSection(SolutionConfigurationPlatforms) = preSolution
		Debug|x64 = Debug|x64
		Debug|x86 = Debug|x86
		Release|x64 = Release|x64
		Release|x86 = Release|x86
	EndGlobalSection
	GlobalSection(ProjectConfigurationPlatforms) = postSolution
		{8709C737-472F-4D8E-8927-62E8E46551DF}.Debug|x64.ActiveCfg = Debug|x64
		{8709C737-472F-4D8E-8927-62E8E46551DF}.Debug|x64.Build.0 = Debug|x64
		{8709C737-472F-4D8E-8927-62E8E46551DF}.Debug|x86.ActiveCfg = Debug|Win32
		{8709C737-472F-4D8E-8927-62E8E46551DF}.Debug|x86.Build.0 = Debug|Win32
		{8709C737-472F-4D8E-8927-62E8E46551DF}.Release|x64.ActiveCfg = Release|x64
		{8709C737-472F-4D8E-8927-62E8E46551DF}.Release|x64.Build.0 = Release|x64
		{8709C737-472F-4D8E-8927-62E8E46551DF}.Release|x86.ActiveCfg = Release|Win32
		{8709C737-472F-4D8E-8927-62E8E46551DF}.Release|x86.Build.0 = Release|Win32
		{AF868C9A-A78D-41C8-A493-BABED129E6DD}.Debug|x64.ActiveCfg = Debug|x64
		{AF868C9A-A78D-41C8-A493-BABED129E6DD}.Debug|x64.Build.0 = Debug|x64
		{AF868C9A-A78D-41C8-A493-BABED129E6DD}.Debug|x86.ActiveCfg = Debug|Win32
		{AF868C9A-A78D-41C8-A493-BABED129E6DD}.Debug|x86.Build.0 = Debug|Win32
		{AF868C9A-A78D-41C8-A493-BABED129E6DD}.Release|x64.ActiveCfg = Release|x64
		{AF868C9A-A78D-41C8-A493-BABED129E6DD}.Release|x64.Build.0 = Release|x64
		{AF868C9A-A78D-41C8-A493-BABED129E6DD}.Release|x86.ActiveCfg = Release|Win32
		{AF868C9A-A78D-41C8-A493-BABED129E6DD}.Release|x86.Build.0 = Release|Win32
	EndGlobalSection
	GlobalSection(SolutionProperties) = preSolution
		HideSolutionNode = FALSE
	EndGlobalSection
EndGlobal
