<?xml version="1.0" encoding="utf-8"?>
<Project ToolsVersion="4.0" xmlns="http://schemas.microsoft.com/developer/msbuild/2003">
  <ItemGroup>
    <Filter Include="Source Files">
      <UniqueIdentifier>{4FC737F1-C7A5-4376-A066-2A32D752A2FF}</UniqueIdentifier>
      <Extensions>cpp;c;cc;cxx;def;odl;idl;hpj;bat;asm;asmx</Extensions>
    </Filter>
    <Filter Include="Header Files">
      <UniqueIdentifier>{93995380-89BD-4b04-88EB-625FBE52EBFB}</UniqueIdentifier>
      <Extensions>h;hh;hpp;hxx;hm;inl;inc;xsd</Extensions>
    </Filter>
    <Filter Include="Source Files\core">
      <UniqueIdentifier>{7de8f05e-741a-41f6-a46b-5a831c0a08fa}</UniqueIdentifier>
    </Filter>
    <Filter Include="Source Files\filestream">
      <UniqueIdentifier>{9115a604-a304-4827-af34-a8bd10cfb44f}</UniqueIdentifier>
    </Filter>
    <Filter Include="Source Files\gui">
      <UniqueIdentifier>{31e599f6-f67f-4055-9d70-909bd4892baf}</UniqueIdentifier>
    </Filter>
    <Filter Include="Source Files\pose">
      <UniqueIdentifier>{2cc5145d-2e47-4ac4-8964-920f2f6e96c7}</UniqueIdentifier>
    </Filter>
    <Filter Include="Source Files\producer">
      <UniqueIdentifier>{aaaa70bc-b84a-4870-996b-677f93e9a79a}</UniqueIdentifier>
    </Filter>
    <Filter Include="Source Files\thread">
      <UniqueIdentifier>{a2e3dd5c-4bb9-403a-aea7-636eb1271dc7}</UniqueIdentifier>
    </Filter>
    <Filter Include="Source Files\utilities">
      <UniqueIdentifier>{f3af68c7-b0a9-442b-a5cf-f44791093d49}</UniqueIdentifier>
    </Filter>
    <Filter Include="Source Files\wrapper">
      <UniqueIdentifier>{9ea7fd57-5813-47f0-96e5-d7475590579d}</UniqueIdentifier>
    </Filter>
    <Filter Include="Header Files\core">
      <UniqueIdentifier>{91940cc2-ef13-4daa-bf65-dbdd8708f10e}</UniqueIdentifier>
    </Filter>
    <Filter Include="Header Files\experimental">
      <UniqueIdentifier>{5ac34103-c7ac-4d23-83e3-3083dfa8412f}</UniqueIdentifier>
    </Filter>
    <Filter Include="Header Files\filestream">
      <UniqueIdentifier>{f5831a83-a9b5-4632-b123-167940837ee2}</UniqueIdentifier>
    </Filter>
    <Filter Include="Header Files\gui">
      <UniqueIdentifier>{8dc19aac-33d3-495c-812a-e3ac7198df29}</UniqueIdentifier>
    </Filter>
    <Filter Include="Header Files\pose">
      <UniqueIdentifier>{c797a6fe-8791-48ef-9544-aa718bafb747}</UniqueIdentifier>
    </Filter>
    <Filter Include="Header Files\producer">
      <UniqueIdentifier>{912f4cc7-f7bf-40b1-8c96-8dec2649d297}</UniqueIdentifier>
    </Filter>
    <Filter Include="Header Files\thread">
      <UniqueIdentifier>{353feb14-f7a8-473e-9325-6490820b039f}</UniqueIdentifier>
    </Filter>
    <Filter Include="Header Files\utilities">
      <UniqueIdentifier>{5eed4f7f-8e35-43c0-9f9d-b3a32358d0d5}</UniqueIdentifier>
    </Filter>
    <Filter Include="Header Files\wrapper">
      <UniqueIdentifier>{9221efd3-4df7-4a5c-b451-5b7f0332cb7b}</UniqueIdentifier>
    </Filter>
    <Filter Include="Source Files\face">
      <UniqueIdentifier>{3de0bd68-72e7-4371-9887-31f13a840ac0}</UniqueIdentifier>
    </Filter>
    <Filter Include="Source Files\hand">
      <UniqueIdentifier>{8184f606-5237-41d0-b9cc-7c7ee5df4ea8}</UniqueIdentifier>
    </Filter>
    <Filter Include="Header Files\experimental\producer">
      <UniqueIdentifier>{21f3282f-fe5f-4252-8b39-ce843a9cd1f5}</UniqueIdentifier>
    </Filter>
    <Filter Include="Header Files\hand">
      <UniqueIdentifier>{b47b09d4-e297-4fe6-8665-512820a064b8}</UniqueIdentifier>
    </Filter>
    <Filter Include="Header Files\face">
      <UniqueIdentifier>{b47060c5-db00-4436-94f9-e20bb1ba71db}</UniqueIdentifier>
    </Filter>
    <Filter Include="Source Files\experimental">
      <UniqueIdentifier>{c072f156-f705-4e3f-a828-a2e14361a3aa}</UniqueIdentifier>
    </Filter>
    <Filter Include="Header Files\experimental\tracking">
      <UniqueIdentifier>{41a8ee1c-20c0-4b08-889e-017624f22b2e}</UniqueIdentifier>
    </Filter>
    <Filter Include="Source Files\experimental\tracking">
      <UniqueIdentifier>{24e85903-dd30-4fe6-af6f-154724a96a70}</UniqueIdentifier>
    </Filter>
    <Filter Include="Source Files\experimental\3d">
      <UniqueIdentifier>{e6ceb1d2-9199-4dfa-922e-430b06e67330}</UniqueIdentifier>
    </Filter>
    <Filter Include="Header Files\experimental\3d">
      <UniqueIdentifier>{080754ef-07d7-41ed-a363-509c1202f108}</UniqueIdentifier>
    </Filter>
    <Filter Include="Header Files\gpu">
      <UniqueIdentifier>{01b90523-3151-4008-9799-3e664b523dc4}</UniqueIdentifier>
    </Filter>
    <Filter Include="Source Files\gpu">
      <UniqueIdentifier>{ffd0a630-de3e-4857-93d1-b78ed7a56c4c}</UniqueIdentifier>
    </Filter>
  </ItemGroup>
  <ItemGroup>
    <ClInclude Include="..\..\include\openpose\headers.hpp">
      <Filter>Header Files</Filter>
    </ClInclude>
    <ClInclude Include="..\..\include\openpose\experimental\headers.hpp">
      <Filter>Header Files\experimental</Filter>
    </ClInclude>
    <ClInclude Include="..\..\include\openpose\experimental\producer\headers.hpp">
      <Filter>Header Files\experimental\producer</Filter>
    </ClInclude>
    <ClInclude Include="..\..\include\openpose\experimental\producer\wPeoplePoseLoader.hpp">
      <Filter>Header Files\experimental\producer</Filter>
    </ClInclude>
    <ClInclude Include="..\..\include\openpose\core\array.hpp">
      <Filter>Header Files\core</Filter>
    </ClInclude>
    <ClInclude Include="..\..\include\openpose\core\common.hpp">
      <Filter>Header Files\core</Filter>
    </ClInclude>
    <ClInclude Include="..\..\include\openpose\core\cvMatToOpInput.hpp">
      <Filter>Header Files\core</Filter>
    </ClInclude>
    <ClInclude Include="..\..\include\openpose\core\cvMatToOpOutput.hpp">
      <Filter>Header Files\core</Filter>
    </ClInclude>
    <ClInclude Include="..\..\include\openpose\core\datum.hpp">
      <Filter>Header Files\core</Filter>
    </ClInclude>
    <ClInclude Include="..\..\include\openpose\core\enumClasses.hpp">
      <Filter>Header Files\core</Filter>
    </ClInclude>
    <ClInclude Include="..\..\include\openpose\core\gpuRenderer.hpp">
      <Filter>Header Files\core</Filter>
    </ClInclude>
    <ClInclude Include="..\..\include\openpose\core\headers.hpp">
      <Filter>Header Files\core</Filter>
    </ClInclude>
    <ClInclude Include="..\..\include\openpose\core\keypointScaler.hpp">
      <Filter>Header Files\core</Filter>
    </ClInclude>
    <ClInclude Include="..\..\include\openpose\core\macros.hpp">
      <Filter>Header Files\core</Filter>
    </ClInclude>
    <ClInclude Include="..\..\include\openpose\core\maximumBase.hpp">
      <Filter>Header Files\core</Filter>
    </ClInclude>
    <ClInclude Include="..\..\include\openpose\core\maximumCaffe.hpp">
      <Filter>Header Files\core</Filter>
    </ClInclude>
    <ClInclude Include="..\..\include\openpose\core\net.hpp">
      <Filter>Header Files\core</Filter>
    </ClInclude>
    <ClInclude Include="..\..\include\openpose\core\netCaffe.hpp">
      <Filter>Header Files\core</Filter>
    </ClInclude>
    <ClInclude Include="..\..\include\openpose\core\nmsBase.hpp">
      <Filter>Header Files\core</Filter>
    </ClInclude>
    <ClInclude Include="..\..\include\openpose\core\nmsCaffe.hpp">
      <Filter>Header Files\core</Filter>
    </ClInclude>
    <ClInclude Include="..\..\include\openpose\core\opOutputToCvMat.hpp">
      <Filter>Header Files\core</Filter>
    </ClInclude>
    <ClInclude Include="..\..\include\openpose\core\point.hpp">
      <Filter>Header Files\core</Filter>
    </ClInclude>
    <ClInclude Include="..\..\include\openpose\core\rectangle.hpp">
      <Filter>Header Files\core</Filter>
    </ClInclude>
    <ClInclude Include="..\..\include\openpose\core\renderer.hpp">
      <Filter>Header Files\core</Filter>
    </ClInclude>
    <ClInclude Include="..\..\include\openpose\core\resizeAndMergeBase.hpp">
      <Filter>Header Files\core</Filter>
    </ClInclude>
    <ClInclude Include="..\..\include\openpose\core\resizeAndMergeCaffe.hpp">
      <Filter>Header Files\core</Filter>
    </ClInclude>
    <ClInclude Include="..\..\include\openpose\core\scaleAndSizeExtractor.hpp">
      <Filter>Header Files\core</Filter>
    </ClInclude>
    <ClInclude Include="..\..\include\openpose\core\wCvMatToOpInput.hpp">
      <Filter>Header Files\core</Filter>
    </ClInclude>
    <ClInclude Include="..\..\include\openpose\core\wCvMatToOpOutput.hpp">
      <Filter>Header Files\core</Filter>
    </ClInclude>
    <ClInclude Include="..\..\include\openpose\core\wKeypointScaler.hpp">
      <Filter>Header Files\core</Filter>
    </ClInclude>
    <ClInclude Include="..\..\include\openpose\core\wOpOutputToCvMat.hpp">
      <Filter>Header Files\core</Filter>
    </ClInclude>
    <ClInclude Include="..\..\include\openpose\core\wScaleAndSizeExtractor.hpp">
      <Filter>Header Files\core</Filter>
    </ClInclude>
    <ClInclude Include="..\..\include\openpose\face\faceCpuRenderer.hpp">
      <Filter>Header Files\face</Filter>
    </ClInclude>
    <ClInclude Include="..\..\include\openpose\face\faceDetector.hpp">
      <Filter>Header Files\face</Filter>
    </ClInclude>
    <ClInclude Include="..\..\include\openpose\face\faceDetectorOpenCV.hpp">
      <Filter>Header Files\face</Filter>
    </ClInclude>
    <ClInclude Include="..\..\include\openpose\face\faceExtractor.hpp">
      <Filter>Header Files\face</Filter>
    </ClInclude>
    <ClInclude Include="..\..\include\openpose\face\faceExtractorCaffe.hpp">
      <Filter>Header Files\face</Filter>
    </ClInclude>
    <ClInclude Include="..\..\include\openpose\face\faceGpuRenderer.hpp">
      <Filter>Header Files\face</Filter>
    </ClInclude>
    <ClInclude Include="..\..\include\openpose\face\faceParameters.hpp">
      <Filter>Header Files\face</Filter>
    </ClInclude>
    <ClInclude Include="..\..\include\openpose\face\faceRenderer.hpp">
      <Filter>Header Files\face</Filter>
    </ClInclude>
    <ClInclude Include="..\..\include\openpose\face\headers.hpp">
      <Filter>Header Files\face</Filter>
    </ClInclude>
    <ClInclude Include="..\..\include\openpose\face\renderFace.hpp">
      <Filter>Header Files\face</Filter>
    </ClInclude>
    <ClInclude Include="..\..\include\openpose\face\wFaceDetector.hpp">
      <Filter>Header Files\face</Filter>
    </ClInclude>
    <ClInclude Include="..\..\include\openpose\face\wFaceDetectorOpenCV.hpp">
      <Filter>Header Files\face</Filter>
    </ClInclude>
    <ClInclude Include="..\..\include\openpose\face\wFaceExtractor.hpp">
      <Filter>Header Files\face</Filter>
    </ClInclude>
    <ClInclude Include="..\..\include\openpose\face\wFaceRenderer.hpp">
      <Filter>Header Files\face</Filter>
    </ClInclude>
    <ClInclude Include="..\..\include\openpose\filestream\cocoJsonSaver.hpp">
      <Filter>Header Files\filestream</Filter>
    </ClInclude>
    <ClInclude Include="..\..\include\openpose\filestream\enumClasses.hpp">
      <Filter>Header Files\filestream</Filter>
    </ClInclude>
    <ClInclude Include="..\..\include\openpose\filestream\fileSaver.hpp">
      <Filter>Header Files\filestream</Filter>
    </ClInclude>
    <ClInclude Include="..\..\include\openpose\filestream\fileStream.hpp">
      <Filter>Header Files\filestream</Filter>
    </ClInclude>
    <ClInclude Include="..\..\include\openpose\filestream\headers.hpp">
      <Filter>Header Files\filestream</Filter>
    </ClInclude>
    <ClInclude Include="..\..\include\openpose\filestream\heatMapSaver.hpp">
      <Filter>Header Files\filestream</Filter>
    </ClInclude>
    <ClInclude Include="..\..\include\openpose\filestream\imageSaver.hpp">
      <Filter>Header Files\filestream</Filter>
    </ClInclude>
    <ClInclude Include="..\..\include\openpose\filestream\jsonOfstream.hpp">
      <Filter>Header Files\filestream</Filter>
    </ClInclude>
    <ClInclude Include="..\..\include\openpose\filestream\keypointSaver.hpp">
      <Filter>Header Files\filestream</Filter>
    </ClInclude>
    <ClInclude Include="..\..\include\openpose\filestream\peopleJsonSaver.hpp">
      <Filter>Header Files\filestream</Filter>
    </ClInclude>
    <ClInclude Include="..\..\include\openpose\filestream\videoSaver.hpp">
      <Filter>Header Files\filestream</Filter>
    </ClInclude>
    <ClInclude Include="..\..\include\openpose\filestream\wCocoJsonSaver.hpp">
      <Filter>Header Files\filestream</Filter>
    </ClInclude>
    <ClInclude Include="..\..\include\openpose\filestream\wFaceSaver.hpp">
      <Filter>Header Files\filestream</Filter>
    </ClInclude>
    <ClInclude Include="..\..\include\openpose\filestream\wHandSaver.hpp">
      <Filter>Header Files\filestream</Filter>
    </ClInclude>
    <ClInclude Include="..\..\include\openpose\filestream\wHeatMapSaver.hpp">
      <Filter>Header Files\filestream</Filter>
    </ClInclude>
    <ClInclude Include="..\..\include\openpose\filestream\wImageSaver.hpp">
      <Filter>Header Files\filestream</Filter>
    </ClInclude>
    <ClInclude Include="..\..\include\openpose\filestream\wPeopleJsonSaver.hpp">
      <Filter>Header Files\filestream</Filter>
    </ClInclude>
    <ClInclude Include="..\..\include\openpose\filestream\wPoseSaver.hpp">
      <Filter>Header Files\filestream</Filter>
    </ClInclude>
    <ClInclude Include="..\..\include\openpose\filestream\wVideoSaver.hpp">
      <Filter>Header Files\filestream</Filter>
    </ClInclude>
    <ClInclude Include="..\..\include\openpose\gui\enumClasses.hpp">
      <Filter>Header Files\gui</Filter>
    </ClInclude>
    <ClInclude Include="..\..\include\openpose\gui\frameDisplayer.hpp">
      <Filter>Header Files\gui</Filter>
    </ClInclude>
    <ClInclude Include="..\..\include\openpose\gui\gui.hpp">
      <Filter>Header Files\gui</Filter>
    </ClInclude>
    <ClInclude Include="..\..\include\openpose\gui\guiInfoAdder.hpp">
      <Filter>Header Files\gui</Filter>
    </ClInclude>
    <ClInclude Include="..\..\include\openpose\gui\headers.hpp">
      <Filter>Header Files\gui</Filter>
    </ClInclude>
    <ClInclude Include="..\..\include\openpose\gui\wGui.hpp">
      <Filter>Header Files\gui</Filter>
    </ClInclude>
    <ClInclude Include="..\..\include\openpose\gui\wGuiInfoAdder.hpp">
      <Filter>Header Files\gui</Filter>
    </ClInclude>
    <ClInclude Include="..\..\include\openpose\hand\handCpuRenderer.hpp">
      <Filter>Header Files\hand</Filter>
    </ClInclude>
    <ClInclude Include="..\..\include\openpose\hand\handDetector.hpp">
      <Filter>Header Files\hand</Filter>
    </ClInclude>
    <ClInclude Include="..\..\include\openpose\hand\handDetectorFromTxt.hpp">
      <Filter>Header Files\hand</Filter>
    </ClInclude>
    <ClInclude Include="..\..\include\openpose\hand\handExtractor.hpp">
      <Filter>Header Files\hand</Filter>
    </ClInclude>
    <ClInclude Include="..\..\include\openpose\hand\handExtractorCaffe.hpp">
      <Filter>Header Files\hand</Filter>
    </ClInclude>
    <ClInclude Include="..\..\include\openpose\hand\handGpuRenderer.hpp">
      <Filter>Header Files\hand</Filter>
    </ClInclude>
    <ClInclude Include="..\..\include\openpose\hand\handParameters.hpp">
      <Filter>Header Files\hand</Filter>
    </ClInclude>
    <ClInclude Include="..\..\include\openpose\hand\handRenderer.hpp">
      <Filter>Header Files\hand</Filter>
    </ClInclude>
    <ClInclude Include="..\..\include\openpose\hand\headers.hpp">
      <Filter>Header Files\hand</Filter>
    </ClInclude>
    <ClInclude Include="..\..\include\openpose\hand\renderHand.hpp">
      <Filter>Header Files\hand</Filter>
    </ClInclude>
    <ClInclude Include="..\..\include\openpose\hand\wHandDetector.hpp">
      <Filter>Header Files\hand</Filter>
    </ClInclude>
    <ClInclude Include="..\..\include\openpose\hand\wHandDetectorFromTxt.hpp">
      <Filter>Header Files\hand</Filter>
    </ClInclude>
    <ClInclude Include="..\..\include\openpose\hand\wHandDetectorTracking.hpp">
      <Filter>Header Files\hand</Filter>
    </ClInclude>
    <ClInclude Include="..\..\include\openpose\hand\wHandDetectorUpdate.hpp">
      <Filter>Header Files\hand</Filter>
    </ClInclude>
    <ClInclude Include="..\..\include\openpose\hand\wHandExtractor.hpp">
      <Filter>Header Files\hand</Filter>
    </ClInclude>
    <ClInclude Include="..\..\include\openpose\hand\wHandRenderer.hpp">
      <Filter>Header Files\hand</Filter>
    </ClInclude>
    <ClInclude Include="..\..\include\openpose\pose\bodyPartConnectorBase.hpp">
      <Filter>Header Files\pose</Filter>
    </ClInclude>
    <ClInclude Include="..\..\include\openpose\pose\bodyPartConnectorCaffe.hpp">
      <Filter>Header Files\pose</Filter>
    </ClInclude>
    <ClInclude Include="..\..\include\openpose\pose\enumClasses.hpp">
      <Filter>Header Files\pose</Filter>
    </ClInclude>
    <ClInclude Include="..\..\include\openpose\pose\headers.hpp">
      <Filter>Header Files\pose</Filter>
    </ClInclude>
    <ClInclude Include="..\..\include\openpose\pose\poseCpuRenderer.hpp">
      <Filter>Header Files\pose</Filter>
    </ClInclude>
    <ClInclude Include="..\..\include\openpose\pose\poseExtractor.hpp">
      <Filter>Header Files\pose</Filter>
    </ClInclude>
    <ClInclude Include="..\..\include\openpose\pose\poseExtractorCaffe.hpp">
      <Filter>Header Files\pose</Filter>
    </ClInclude>
    <ClInclude Include="..\..\include\openpose\pose\poseGpuRenderer.hpp">
      <Filter>Header Files\pose</Filter>
    </ClInclude>
    <ClInclude Include="..\..\include\openpose\pose\poseParameters.hpp">
      <Filter>Header Files\pose</Filter>
    </ClInclude>
    <ClInclude Include="..\..\include\openpose\pose\poseParametersRender.hpp">
      <Filter>Header Files\pose</Filter>
    </ClInclude>
    <ClInclude Include="..\..\include\openpose\pose\poseRenderer.hpp">
      <Filter>Header Files\pose</Filter>
    </ClInclude>
    <ClInclude Include="..\..\include\openpose\pose\renderPose.hpp">
      <Filter>Header Files\pose</Filter>
    </ClInclude>
    <ClInclude Include="..\..\include\openpose\pose\wPoseExtractor.hpp">
      <Filter>Header Files\pose</Filter>
    </ClInclude>
    <ClInclude Include="..\..\include\openpose\pose\wPoseRenderer.hpp">
      <Filter>Header Files\pose</Filter>
    </ClInclude>
    <ClInclude Include="..\..\include\openpose\producer\datumProducer.hpp">
      <Filter>Header Files\producer</Filter>
    </ClInclude>
    <ClInclude Include="..\..\include\openpose\producer\enumClasses.hpp">
      <Filter>Header Files\producer</Filter>
    </ClInclude>
    <ClInclude Include="..\..\include\openpose\producer\headers.hpp">
      <Filter>Header Files\producer</Filter>
    </ClInclude>
    <ClInclude Include="..\..\include\openpose\producer\imageDirectoryReader.hpp">
      <Filter>Header Files\producer</Filter>
    </ClInclude>
    <ClInclude Include="..\..\include\openpose\producer\ipCameraReader.hpp">
      <Filter>Header Files\producer</Filter>
    </ClInclude>
    <ClInclude Include="..\..\include\openpose\producer\producer.hpp">
      <Filter>Header Files\producer</Filter>
    </ClInclude>
    <ClInclude Include="..\..\include\openpose\producer\videoCaptureReader.hpp">
      <Filter>Header Files\producer</Filter>
    </ClInclude>
    <ClInclude Include="..\..\include\openpose\producer\videoReader.hpp">
      <Filter>Header Files\producer</Filter>
    </ClInclude>
    <ClInclude Include="..\..\include\openpose\producer\wDatumProducer.hpp">
      <Filter>Header Files\producer</Filter>
    </ClInclude>
    <ClInclude Include="..\..\include\openpose\producer\webcamReader.hpp">
      <Filter>Header Files\producer</Filter>
    </ClInclude>
    <ClInclude Include="..\..\include\openpose\thread\enumClasses.hpp">
      <Filter>Header Files\thread</Filter>
    </ClInclude>
    <ClInclude Include="..\..\include\openpose\thread\headers.hpp">
      <Filter>Header Files\thread</Filter>
    </ClInclude>
    <ClInclude Include="..\..\include\openpose\thread\priorityQueue.hpp">
      <Filter>Header Files\thread</Filter>
    </ClInclude>
    <ClInclude Include="..\..\include\openpose\thread\queue.hpp">
      <Filter>Header Files\thread</Filter>
    </ClInclude>
    <ClInclude Include="..\..\include\openpose\thread\queueBase.hpp">
      <Filter>Header Files\thread</Filter>
    </ClInclude>
    <ClInclude Include="..\..\include\openpose\thread\subThread.hpp">
      <Filter>Header Files\thread</Filter>
    </ClInclude>
    <ClInclude Include="..\..\include\openpose\thread\subThreadNoQueue.hpp">
      <Filter>Header Files\thread</Filter>
    </ClInclude>
    <ClInclude Include="..\..\include\openpose\thread\subThreadQueueIn.hpp">
      <Filter>Header Files\thread</Filter>
    </ClInclude>
    <ClInclude Include="..\..\include\openpose\thread\subThreadQueueInOut.hpp">
      <Filter>Header Files\thread</Filter>
    </ClInclude>
    <ClInclude Include="..\..\include\openpose\thread\subThreadQueueOut.hpp">
      <Filter>Header Files\thread</Filter>
    </ClInclude>
    <ClInclude Include="..\..\include\openpose\thread\thread.hpp">
      <Filter>Header Files\thread</Filter>
    </ClInclude>
    <ClInclude Include="..\..\include\openpose\thread\threadManager.hpp">
      <Filter>Header Files\thread</Filter>
    </ClInclude>
    <ClInclude Include="..\..\include\openpose\thread\wIdGenerator.hpp">
      <Filter>Header Files\thread</Filter>
    </ClInclude>
    <ClInclude Include="..\..\include\openpose\thread\worker.hpp">
      <Filter>Header Files\thread</Filter>
    </ClInclude>
    <ClInclude Include="..\..\include\openpose\thread\workerConsumer.hpp">
      <Filter>Header Files\thread</Filter>
    </ClInclude>
    <ClInclude Include="..\..\include\openpose\thread\workerProducer.hpp">
      <Filter>Header Files\thread</Filter>
    </ClInclude>
    <ClInclude Include="..\..\include\openpose\thread\wQueueOrderer.hpp">
      <Filter>Header Files\thread</Filter>
    </ClInclude>
    <ClInclude Include="..\..\include\openpose\utilities\check.hpp">
      <Filter>Header Files\utilities</Filter>
    </ClInclude>
    <ClInclude Include="..\..\include\openpose\utilities\enumClasses.hpp">
      <Filter>Header Files\utilities</Filter>
    </ClInclude>
    <ClInclude Include="..\..\include\openpose\utilities\errorAndLog.hpp">
      <Filter>Header Files\utilities</Filter>
    </ClInclude>
    <ClInclude Include="..\..\include\openpose\utilities\fastMath.hpp">
      <Filter>Header Files\utilities</Filter>
    </ClInclude>
    <ClInclude Include="..\..\include\openpose\utilities\fileSystem.hpp">
      <Filter>Header Files\utilities</Filter>
    </ClInclude>
    <ClInclude Include="..\..\include\openpose\utilities\flagsToOpenPose.hpp">
      <Filter>Header Files\utilities</Filter>
    </ClInclude>
    <ClInclude Include="..\..\include\openpose\utilities\headers.hpp">
      <Filter>Header Files\utilities</Filter>
    </ClInclude>
    <ClInclude Include="..\..\include\openpose\utilities\keypoint.hpp">
      <Filter>Header Files\utilities</Filter>
    </ClInclude>
    <ClInclude Include="..\..\include\openpose\utilities\openCv.hpp">
      <Filter>Header Files\utilities</Filter>
    </ClInclude>
    <ClInclude Include="..\..\include\openpose\utilities\pointerContainer.hpp">
      <Filter>Header Files\utilities</Filter>
    </ClInclude>
    <ClInclude Include="..\..\include\openpose\utilities\profiler.hpp">
      <Filter>Header Files\utilities</Filter>
    </ClInclude>
    <ClInclude Include="..\..\include\openpose\utilities\standard.hpp">
      <Filter>Header Files\utilities</Filter>
    </ClInclude>
    <ClInclude Include="..\..\include\openpose\utilities\string.hpp">
      <Filter>Header Files\utilities</Filter>
    </ClInclude>
    <ClInclude Include="..\..\include\openpose\wrapper\headers.hpp">
      <Filter>Header Files\wrapper</Filter>
    </ClInclude>
    <ClInclude Include="..\..\include\openpose\wrapper\wrapper.hpp">
      <Filter>Header Files\wrapper</Filter>
    </ClInclude>
    <ClInclude Include="..\..\include\openpose\wrapper\wrapperStructFace.hpp">
      <Filter>Header Files\wrapper</Filter>
    </ClInclude>
    <ClInclude Include="..\..\include\openpose\wrapper\wrapperStructHand.hpp">
      <Filter>Header Files\wrapper</Filter>
    </ClInclude>
    <ClInclude Include="..\..\include\openpose\wrapper\wrapperStructInput.hpp">
      <Filter>Header Files\wrapper</Filter>
    </ClInclude>
    <ClInclude Include="..\..\include\openpose\wrapper\wrapperStructOutput.hpp">
      <Filter>Header Files\wrapper</Filter>
    </ClInclude>
    <ClInclude Include="..\..\include\openpose\wrapper\wrapperStructPose.hpp">
      <Filter>Header Files\wrapper</Filter>
    </ClInclude>
    <ClInclude Include="..\..\include\openpose\experimental\tracking\headers.hpp">
      <Filter>Header Files\experimental\tracking</Filter>
    </ClInclude>
    <ClInclude Include="..\..\include\openpose\experimental\tracking\personIdExtractor.hpp">
      <Filter>Header Files\experimental\tracking</Filter>
    </ClInclude>
    <ClInclude Include="..\..\include\openpose\experimental\tracking\wPersonIdExtractor.hpp">
      <Filter>Header Files\experimental\tracking</Filter>
    </ClInclude>
    <ClInclude Include="..\..\include\openpose\experimental\3d\cameraParameters.hpp">
      <Filter>Header Files\experimental\3d</Filter>
    </ClInclude>
    <ClInclude Include="..\..\include\openpose\experimental\3d\datum3D.hpp">
      <Filter>Header Files\experimental\3d</Filter>
    </ClInclude>
    <ClInclude Include="..\..\include\openpose\experimental\3d\headers.hpp">
      <Filter>Header Files\experimental\3d</Filter>
    </ClInclude>
    <ClInclude Include="..\..\include\openpose\experimental\3d\pointGrey.hpp">
      <Filter>Header Files\experimental\3d</Filter>
    </ClInclude>
    <ClInclude Include="..\..\include\openpose\experimental\3d\reconstruction3D.hpp">
      <Filter>Header Files\experimental\3d</Filter>
    </ClInclude>
    <ClInclude Include="..\..\include\openpose\experimental\3d\renderer.hpp">
      <Filter>Header Files\experimental\3d</Filter>
    </ClInclude>
    <ClInclude Include="..\..\include\openpose\wrapper\wrapperAuxiliary.hpp">
      <Filter>Header Files\wrapper</Filter>
    </ClInclude>
    <ClInclude Include="..\..\include\openpose\gpu\cuda.hpp">
      <Filter>Header Files\gpu</Filter>
    </ClInclude>
    <ClInclude Include="..\..\include\openpose\gpu\enumClasses.hpp">
      <Filter>Header Files\gpu</Filter>
    </ClInclude>
    <ClInclude Include="..\..\include\openpose\gpu\gpu.hpp">
      <Filter>Header Files\gpu</Filter>
    </ClInclude>
    <ClInclude Include="..\..\include\openpose\gpu\headers.hpp">
      <Filter>Header Files\gpu</Filter>
    </ClInclude>
  </ItemGroup>
  <ItemGroup>
    <None Include="..\..\include\openpose\gpu\cuda.hu">
      <Filter>Header Files\gpu</Filter>
    </None>
    <None Include="..\..\include\openpose\utilities\render.hu">
      <Filter>Header Files\utilities</Filter>
    </None>
  </ItemGroup>
  <ItemGroup>
    <ClCompile Include="..\..\src\openpose\core\array.cpp">
      <Filter>Source Files\core</Filter>
    </ClCompile>
    <ClCompile Include="..\..\src\openpose\core\cvMatToOpInput.cpp">
      <Filter>Source Files\core</Filter>
    </ClCompile>
    <ClCompile Include="..\..\src\openpose\core\cvMatToOpOutput.cpp">
      <Filter>Source Files\core</Filter>
    </ClCompile>
    <ClCompile Include="..\..\src\openpose\core\datum.cpp">
      <Filter>Source Files\core</Filter>
    </ClCompile>
    <ClCompile Include="..\..\src\openpose\core\defineTemplates.cpp">
      <Filter>Source Files\core</Filter>
    </ClCompile>
    <ClCompile Include="..\..\src\openpose\core\gpuRenderer.cpp">
      <Filter>Source Files\core</Filter>
    </ClCompile>
    <ClCompile Include="..\..\src\openpose\core\keypointScaler.cpp">
      <Filter>Source Files\core</Filter>
    </ClCompile>
    <ClCompile Include="..\..\src\openpose\core\maximumBase.cpp">
      <Filter>Source Files\core</Filter>
    </ClCompile>
    <ClCompile Include="..\..\src\openpose\core\maximumCaffe.cpp">
      <Filter>Source Files\core</Filter>
    </ClCompile>
    <ClCompile Include="..\..\src\openpose\core\netCaffe.cpp">
      <Filter>Source Files\core</Filter>
    </ClCompile>
    <ClCompile Include="..\..\src\openpose\core\nmsBase.cpp">
      <Filter>Source Files\core</Filter>
    </ClCompile>
    <ClCompile Include="..\..\src\openpose\core\nmsCaffe.cpp">
      <Filter>Source Files\core</Filter>
    </ClCompile>
    <ClCompile Include="..\..\src\openpose\core\opOutputToCvMat.cpp">
      <Filter>Source Files\core</Filter>
    </ClCompile>
    <ClCompile Include="..\..\src\openpose\core\point.cpp">
      <Filter>Source Files\core</Filter>
    </ClCompile>
    <ClCompile Include="..\..\src\openpose\core\rectangle.cpp">
      <Filter>Source Files\core</Filter>
    </ClCompile>
    <ClCompile Include="..\..\src\openpose\core\renderer.cpp">
      <Filter>Source Files\core</Filter>
    </ClCompile>
    <ClCompile Include="..\..\src\openpose\core\resizeAndMergeBase.cpp">
      <Filter>Source Files\core</Filter>
    </ClCompile>
    <ClCompile Include="..\..\src\openpose\core\resizeAndMergeCaffe.cpp">
      <Filter>Source Files\core</Filter>
    </ClCompile>
    <ClCompile Include="..\..\src\openpose\core\scaleAndSizeExtractor.cpp">
      <Filter>Source Files\core</Filter>
    </ClCompile>
    <ClCompile Include="..\..\src\openpose\experimental\3d\cameraParameters.cpp">
      <Filter>Source Files\experimental\3d</Filter>
    </ClCompile>
    <ClCompile Include="..\..\src\openpose\experimental\3d\pointGrey.cpp">
      <Filter>Source Files\experimental\3d</Filter>
    </ClCompile>
    <ClCompile Include="..\..\src\openpose\experimental\3d\reconstruction3D.cpp">
      <Filter>Source Files\experimental\3d</Filter>
    </ClCompile>
    <ClCompile Include="..\..\src\openpose\experimental\3d\renderer.cpp">
      <Filter>Source Files\experimental\3d</Filter>
    </ClCompile>
    <ClCompile Include="..\..\src\openpose\face\defineTemplates.cpp">
      <Filter>Source Files\face</Filter>
    </ClCompile>
    <ClCompile Include="..\..\src\openpose\face\faceCpuRenderer.cpp">
      <Filter>Source Files\face</Filter>
    </ClCompile>
    <ClCompile Include="..\..\src\openpose\face\faceDetector.cpp">
      <Filter>Source Files\face</Filter>
    </ClCompile>
    <ClCompile Include="..\..\src\openpose\face\faceDetectorOpenCV.cpp">
      <Filter>Source Files\face</Filter>
    </ClCompile>
    <ClCompile Include="..\..\src\openpose\face\faceExtractor.cpp">
      <Filter>Source Files\face</Filter>
    </ClCompile>
    <ClCompile Include="..\..\src\openpose\face\faceExtractorCaffe.cpp">
      <Filter>Source Files\face</Filter>
    </ClCompile>
    <ClCompile Include="..\..\src\openpose\face\faceGpuRenderer.cpp">
      <Filter>Source Files\face</Filter>
    </ClCompile>
    <ClCompile Include="..\..\src\openpose\face\renderFace.cpp">
      <Filter>Source Files\face</Filter>
    </ClCompile>
    <ClCompile Include="..\..\src\openpose\filestream\cocoJsonSaver.cpp">
      <Filter>Source Files\filestream</Filter>
    </ClCompile>
    <ClCompile Include="..\..\src\openpose\filestream\defineTemplates.cpp">
      <Filter>Source Files\filestream</Filter>
    </ClCompile>
    <ClCompile Include="..\..\src\openpose\filestream\fileSaver.cpp">
      <Filter>Source Files\filestream</Filter>
    </ClCompile>
    <ClCompile Include="..\..\src\openpose\filestream\fileStream.cpp">
      <Filter>Source Files\filestream</Filter>
    </ClCompile>
    <ClCompile Include="..\..\src\openpose\filestream\heatMapSaver.cpp">
      <Filter>Source Files\filestream</Filter>
    </ClCompile>
    <ClCompile Include="..\..\src\openpose\filestream\imageSaver.cpp">
      <Filter>Source Files\filestream</Filter>
    </ClCompile>
    <ClCompile Include="..\..\src\openpose\filestream\jsonOfstream.cpp">
      <Filter>Source Files\filestream</Filter>
    </ClCompile>
    <ClCompile Include="..\..\src\openpose\filestream\keypointSaver.cpp">
      <Filter>Source Files\filestream</Filter>
    </ClCompile>
    <ClCompile Include="..\..\src\openpose\filestream\peopleJsonSaver.cpp">
      <Filter>Source Files\filestream</Filter>
    </ClCompile>
    <ClCompile Include="..\..\src\openpose\filestream\videoSaver.cpp">
      <Filter>Source Files\filestream</Filter>
    </ClCompile>
    <ClCompile Include="..\..\src\openpose\gui\defineTemplates.cpp">
      <Filter>Source Files\gui</Filter>
    </ClCompile>
    <ClCompile Include="..\..\src\openpose\gui\frameDisplayer.cpp">
      <Filter>Source Files\gui</Filter>
    </ClCompile>
    <ClCompile Include="..\..\src\openpose\gui\gui.cpp">
      <Filter>Source Files\gui</Filter>
    </ClCompile>
    <ClCompile Include="..\..\src\openpose\gui\guiInfoAdder.cpp">
      <Filter>Source Files\gui</Filter>
    </ClCompile>
    <ClCompile Include="..\..\src\openpose\gpu\cuda.cpp">
      <Filter>Source Files\gpu</Filter>
    </ClCompile>
    <ClCompile Include="..\..\src\openpose\gpu\gpu.cpp">
      <Filter>Source Files\gpu</Filter>
    </ClCompile>
    <ClCompile Include="..\..\src\openpose\hand\defineTemplates.cpp">
      <Filter>Source Files\hand</Filter>
    </ClCompile>
    <ClCompile Include="..\..\src\openpose\hand\handCpuRenderer.cpp">
      <Filter>Source Files\hand</Filter>
    </ClCompile>
    <ClCompile Include="..\..\src\openpose\hand\handDetector.cpp">
      <Filter>Source Files\hand</Filter>
    </ClCompile>
    <ClCompile Include="..\..\src\openpose\hand\handDetectorFromTxt.cpp">
      <Filter>Source Files\hand</Filter>
    </ClCompile>
    <ClCompile Include="..\..\src\openpose\hand\handExtractor.cpp">
      <Filter>Source Files\hand</Filter>
    </ClCompile>
    <ClCompile Include="..\..\src\openpose\hand\handExtractorCaffe.cpp">
      <Filter>Source Files\hand</Filter>
    </ClCompile>
    <ClCompile Include="..\..\src\openpose\hand\handGpuRenderer.cpp">
      <Filter>Source Files\hand</Filter>
    </ClCompile>
    <ClCompile Include="..\..\src\openpose\hand\renderHand.cpp">
      <Filter>Source Files\hand</Filter>
    </ClCompile>
    <ClCompile Include="..\..\src\openpose\pose\bodyPartConnectorBase.cpp">
      <Filter>Source Files\pose</Filter>
    </ClCompile>
    <ClCompile Include="..\..\src\openpose\pose\bodyPartConnectorCaffe.cpp">
      <Filter>Source Files\pose</Filter>
    </ClCompile>
    <ClCompile Include="..\..\src\openpose\pose\defineTemplates.cpp">
      <Filter>Source Files\pose</Filter>
    </ClCompile>
    <ClCompile Include="..\..\src\openpose\pose\poseCpuRenderer.cpp">
      <Filter>Source Files\pose</Filter>
    </ClCompile>
    <ClCompile Include="..\..\src\openpose\pose\poseExtractor.cpp">
      <Filter>Source Files\pose</Filter>
    </ClCompile>
    <ClCompile Include="..\..\src\openpose\pose\poseExtractorCaffe.cpp">
      <Filter>Source Files\pose</Filter>
    </ClCompile>
    <ClCompile Include="..\..\src\openpose\pose\poseGpuRenderer.cpp">
      <Filter>Source Files\pose</Filter>
    </ClCompile>
    <ClCompile Include="..\..\src\openpose\pose\poseParameters.cpp">
      <Filter>Source Files\pose</Filter>
    </ClCompile>
    <ClCompile Include="..\..\src\openpose\pose\poseParametersRender.cpp">
      <Filter>Source Files\pose</Filter>
    </ClCompile>
    <ClCompile Include="..\..\src\openpose\pose\poseRenderer.cpp">
      <Filter>Source Files\pose</Filter>
    </ClCompile>
    <ClCompile Include="..\..\src\openpose\pose\renderPose.cpp">
      <Filter>Source Files\pose</Filter>
    </ClCompile>
    <ClCompile Include="..\..\src\openpose\producer\defineTemplates.cpp">
      <Filter>Source Files\producer</Filter>
    </ClCompile>
    <ClCompile Include="..\..\src\openpose\producer\imageDirectoryReader.cpp">
      <Filter>Source Files\producer</Filter>
    </ClCompile>
    <ClCompile Include="..\..\src\openpose\producer\ipCameraReader.cpp">
      <Filter>Source Files\producer</Filter>
    </ClCompile>
    <ClCompile Include="..\..\src\openpose\producer\producer.cpp">
      <Filter>Source Files\producer</Filter>
    </ClCompile>
    <ClCompile Include="..\..\src\openpose\producer\videoCaptureReader.cpp">
      <Filter>Source Files\producer</Filter>
    </ClCompile>
    <ClCompile Include="..\..\src\openpose\producer\videoReader.cpp">
      <Filter>Source Files\producer</Filter>
    </ClCompile>
    <ClCompile Include="..\..\src\openpose\producer\webcamReader.cpp">
      <Filter>Source Files\producer</Filter>
    </ClCompile>
    <ClCompile Include="..\..\src\openpose\thread\defineTemplates.cpp">
      <Filter>Source Files\thread</Filter>
    </ClCompile>
    <ClCompile Include="..\..\src\openpose\utilities\errorAndLog.cpp">
      <Filter>Source Files\utilities</Filter>
    </ClCompile>
    <ClCompile Include="..\..\src\openpose\utilities\fileSystem.cpp">
      <Filter>Source Files\utilities</Filter>
    </ClCompile>
    <ClCompile Include="..\..\src\openpose\utilities\flagsToOpenPose.cpp">
      <Filter>Source Files\utilities</Filter>
    </ClCompile>
    <ClCompile Include="..\..\src\openpose\utilities\keypoint.cpp">
      <Filter>Source Files\utilities</Filter>
    </ClCompile>
    <ClCompile Include="..\..\src\openpose\utilities\openCv.cpp">
      <Filter>Source Files\utilities</Filter>
    </ClCompile>
    <ClCompile Include="..\..\src\openpose\utilities\profiler.cpp">
      <Filter>Source Files\utilities</Filter>
    </ClCompile>
    <ClCompile Include="..\..\src\openpose\utilities\string.cpp">
      <Filter>Source Files\utilities</Filter>
    </ClCompile>
    <ClCompile Include="..\..\src\openpose\wrapper\defineTemplates.cpp">
      <Filter>Source Files\wrapper</Filter>
    </ClCompile>
    <ClCompile Include="..\..\src\openpose\wrapper\wrapperAuxiliary.cpp">
      <Filter>Source Files\wrapper</Filter>
    </ClCompile>
    <ClCompile Include="..\..\src\openpose\wrapper\wrapperStructFace.cpp">
      <Filter>Source Files\wrapper</Filter>
    </ClCompile>
    <ClCompile Include="..\..\src\openpose\wrapper\wrapperStructHand.cpp">
      <Filter>Source Files\wrapper</Filter>
    </ClCompile>
    <ClCompile Include="..\..\src\openpose\wrapper\wrapperStructInput.cpp">
      <Filter>Source Files\wrapper</Filter>
    </ClCompile>
    <ClCompile Include="..\..\src\openpose\wrapper\wrapperStructOutput.cpp">
      <Filter>Source Files\wrapper</Filter>
    </ClCompile>
    <ClCompile Include="..\..\src\openpose\wrapper\wrapperStructPose.cpp">
      <Filter>Source Files\wrapper</Filter>
    </ClCompile>
    <ClCompile Include="..\..\src\openpose\experimental\tracking\defineTemplates.cpp">
      <Filter>Source Files\experimental\tracking</Filter>
    </ClCompile>
    <ClCompile Include="..\..\src\openpose\experimental\tracking\personIdExtractor.cpp">
      <Filter>Source Files\experimental\tracking</Filter>
    </ClCompile>
  </ItemGroup>
  <ItemGroup>
    <CudaCompile Include="..\..\src\openpose\core\maximumBase.cu">
      <Filter>Source Files\core</Filter>
    </CudaCompile>
    <CudaCompile Include="..\..\src\openpose\core\nmsBase.cu">
      <Filter>Source Files\core</Filter>
    </CudaCompile>
    <CudaCompile Include="..\..\src\openpose\core\resizeAndMergeBase.cu">
      <Filter>Source Files\core</Filter>
    </CudaCompile>
    <CudaCompile Include="..\..\src\openpose\face\renderFace.cu">
      <Filter>Source Files\face</Filter>
    </CudaCompile>
    <CudaCompile Include="..\..\src\openpose\hand\renderHand.cu">
      <Filter>Source Files\hand</Filter>
    </CudaCompile>
    <CudaCompile Include="..\..\src\openpose\pose\bodyPartConnectorBase.cu">
      <Filter>Source Files\pose</Filter>
    </CudaCompile>
    <CudaCompile Include="..\..\src\openpose\pose\renderPose.cu">
      <Filter>Source Files\pose</Filter>
    </CudaCompile>
  </ItemGroup>
</Project>