<?xml version="1.0" encoding="utf-8"?>
<Project ToolsVersion="4.0" xmlns="http://schemas.microsoft.com/developer/msbuild/2003">
  <ItemGroup>
    <Filter Include="Header Files">
      <UniqueIdentifier>{71c68da4-5188-4106-a82d-b220b4ede682}</UniqueIdentifier>
    </Filter>
    <Filter Include="Source Files">
      <UniqueIdentifier>{52199589-120f-4517-bd6f-64c2857a0e29}</UniqueIdentifier>
    </Filter>
    <Filter Include="Header Files\openpose3d">
      <UniqueIdentifier>{af413d97-7c26-410a-ad92-33f3904f4cde}</UniqueIdentifier>
    </Filter>
  </ItemGroup>
  <ItemGroup>
    <ClCompile Include="..\..\examples_beta\openpose3d\src\pointGrey.cpp">
      <Filter>Source Files</Filter>
    </ClCompile>
    <ClCompile Include="..\..\examples_beta\openpose3d\src\reconstruction3D.cpp">
      <Filter>Source Files</Filter>
    </ClCompile>
    <ClCompile Include="..\..\examples_beta\openpose3d\src\renderer.cpp">
      <Filter>Source Files</Filter>
    </ClCompile>
    <ClCompile Include="..\..\examples_beta\openpose3d\openpose3d.cpp">
      <Filter>Source Files</Filter>
    </ClCompile>
  </ItemGroup>
  <ItemGroup>
    <ClInclude Include="..\..\examples_beta\openpose3d\include\openpose3d\cameraParameters.hpp">
      <Filter>Header Files\openpose3d</Filter>
    </ClInclude>
    <ClInclude Include="..\..\examples_beta\openpose3d\include\openpose3d\datum3D.hpp">
      <Filter>Header Files\openpose3d</Filter>
    </ClInclude>
    <ClInclude Include="..\..\examples_beta\openpose3d\include\openpose3d\headers.hpp">
      <Filter>Header Files\openpose3d</Filter>
    </ClInclude>
    <ClInclude Include="..\..\examples_beta\openpose3d\include\openpose3d\pointGrey.hpp">
      <Filter>Header Files\openpose3d</Filter>
    </ClInclude>
    <ClInclude Include="..\..\examples_beta\openpose3d\include\openpose3d\reconstruction3D.hpp">
      <Filter>Header Files\openpose3d</Filter>
    </ClInclude>
    <ClInclude Include="..\..\examples_beta\openpose3d\include\openpose3d\renderer.hpp">
      <Filter>Header Files\openpose3d</Filter>
    </ClInclude>
  </ItemGroup>
</Project>